{
  "version": 4,
  "terraform_version": "1.9.3",
  "serial": 10,
  "lineage": "6cbd75f0-0d80-ab9e-aa51-a598a4cc93a1",
  "outputs": {},
  "resources": [
    {
      "module": "module.cloudfront_waf",
      "mode": "managed",
      "type": "aws_wafv2_ip_set",
      "name": "Allow_IPSets_Rule",
      "provider": "provider[\"registry.terraform.io/hashicorp/aws\"].seoul",
      "instances": [
        {
          "schema_version": 0,
          "attributes": {
            "addresses": null,
            "arn": "arn:aws:wafv2:ap-northeast-2:640719013987:regional/ipset/ons_allow_ipset1/5476ab9b-48f0-4c8c-af10-812934660cff",
            "description": "Allowed IPs",
            "id": "5476ab9b-48f0-4c8c-af10-812934660cff",
            "ip_address_version": "IPV4",
            "lock_token": "685a473d-fe7a-46e7-a9e8-e7eabe6b1a6f",
            "name": "ons_allow_ipset1",
            "name_prefix": "",
            "scope": "REGIONAL",
            "tags": null,
            "tags_all": {}
          },
          "sensitive_attributes": [],
          "private": "bnVsbA=="
        }
      ]
    },
    {
      "module": "module.cloudfront_waf",
      "mode": "managed",
      "type": "aws_wafv2_ip_set",
      "name": "Block_IPSets_Rule",
      "provider": "provider[\"registry.terraform.io/hashicorp/aws\"].seoul",
      "instances": [
        {
          "schema_version": 0,
          "attributes": {
            "addresses": null,
            "arn": "arn:aws:wafv2:ap-northeast-2:640719013987:regional/ipset/ons_block_ipset1/7da32e95-e0e1-4190-98a4-472c4f1e0f44",
            "description": "Blocked IPs",
            "id": "7da32e95-e0e1-4190-98a4-472c4f1e0f44",
            "ip_address_version": "IPV4",
            "lock_token": "dbdc2d9f-1c03-436a-9c29-1c8e6ae61afa",
            "name": "ons_block_ipset1",
            "name_prefix": "",
            "scope": "REGIONAL",
            "tags": null,
            "tags_all": {}
          },
          "sensitive_attributes": [],
          "private": "bnVsbA=="
        }
      ]
    },
    {
      "module": "module.cloudfront_waf",
      "mode": "managed",
      "type": "aws_wafv2_ip_set",
      "name": "host_allow_ips",
      "provider": "provider[\"registry.terraform.io/hashicorp/aws\"].seoul",
      "instances": [
        {
          "schema_version": 0,
          "attributes": {
            "addresses": [
              "203.248.117.37/32",
              "203.248.117.82/32",
              "203.248.117.83/32"
            ],
            "arn": "arn:aws:wafv2:ap-northeast-2:640719013987:regional/ipset/ons_host_allow_ipset1/fbe7217d-aeac-4fff-b114-12000d514399",
            "description": "Host IP Allowlist",
            "id": "fbe7217d-aeac-4fff-b114-12000d514399",
            "ip_address_version": "IPV4",
            "lock_token": "b0e3f1fb-f818-42a1-828d-63a652e246c4",
            "name": "ons_host_allow_ipset1",
            "name_prefix": "",
            "scope": "REGIONAL",
            "tags": null,
            "tags_all": {}
          },
          "sensitive_attributes": [],
          "private": "bnVsbA=="
        }
      ]
    },
    {
      "module": "module.cloudfront_waf",
      "mode": "managed",
      "type": "aws_wafv2_regex_pattern_set",
      "name": "ons_regex_ip_deny",
      "provider": "provider[\"registry.terraform.io/hashicorp/aws\"].seoul",
      "instances": [
        {
          "schema_version": 0,
          "attributes": {
            "arn": "arn:aws:wafv2:ap-northeast-2:640719013987:regional/regexpatternset/ons_regex_ip_deny1/c71239dd-3317-4c27-a160-f63d8d6102f0",
            "description": "IP Deny Pattern",
            "id": "c71239dd-3317-4c27-a160-f63d8d6102f0",
            "lock_token": "33065502-ed60-4cb5-9eff-cf19680e9d0d",
            "name": "ons_regex_ip_deny1",
            "name_prefix": "",
            "regular_expression": [
              {
                "regex_string": "^((25[0-5]|2[0-4][0-9]|[01]?[0-9][0-9]?)\\.){3}(25[0-5]|2[0-4][0-9]|[01]?[0-9][0-9]?)$"
              }
            ],
            "scope": "REGIONAL",
            "tags": null,
            "tags_all": {}
          },
          "sensitive_attributes": [],
          "private": "bnVsbA=="
        }
      ]
    },
    {
      "module": "module.cloudfront_waf",
      "mode": "managed",
      "type": "aws_wafv2_regex_pattern_set",
      "name": "ons_regex_uri_path",
      "provider": "provider[\"registry.terraform.io/hashicorp/aws\"].seoul",
      "instances": [
        {
          "schema_version": 0,
          "attributes": {
            "arn": "arn:aws:wafv2:ap-northeast-2:640719013987:regional/regexpatternset/ons_regex_uri_path1/9617362f-fe98-4683-8fcf-959c4d689182",
            "description": "Blocked URI Paths",
            "id": "9617362f-fe98-4683-8fcf-959c4d689182",
            "lock_token": "6bd66fec-091d-4d73-9d08-df8b196ee04e",
            "name": "ons_regex_uri_path1",
            "name_prefix": "",
            "regular_expression": [
              {
                "regex_string": ".*\\.env.*"
              },
              {
                "regex_string": ".*\\/boaform\\/admin\\/formLogin.*"
              },
              {
                "regex_string": ".*\\/etc\\/hosts.*|.*\\/etc\\/passwd.*|.*\\/windows\\/win\\.ini.*"
              },
              {
                "regex_string": ".*\\/xmlrpc\\.php.*|.*phpmyadmin.*|.*phpunit.*"
              }
            ],
            "scope": "REGIONAL",
            "tags": null,
            "tags_all": {}
          },
          "sensitive_attributes": [],
          "private": "bnVsbA=="
        }
      ]
    },
    {
      "module": "module.cloudfront_waf",
      "mode": "managed",
      "type": "aws_wafv2_regex_pattern_set",
      "name": "ons_regex_user_agent",
      "provider": "provider[\"registry.terraform.io/hashicorp/aws\"].seoul",
      "instances": [
        {
          "schema_version": 0,
          "attributes": {
            "arn": "arn:aws:wafv2:ap-northeast-2:640719013987:regional/regexpatternset/ons_regex_user_agent1/962e1b0d-6e3d-474c-a5af-f75d42f5b306",
            "description": "Blocked User Agents",
            "id": "962e1b0d-6e3d-474c-a5af-f75d42f5b306",
            "lock_token": "ea705509-f3f2-4cfb-a359-b038e355bf31",
            "name": "ons_regex_user_agent1",
            "name_prefix": "",
            "regular_expression": [
              {
                "regex_string": ".*acunetix.*|.*nikto.*|.*nmap.*|.*nuclei.*|.*openvaS.*|.*sqlmap.*|.*wpscan.*|.*zmeu.*|.*zgrab.*"
              }
            ],
            "scope": "REGIONAL",
            "tags": null,
            "tags_all": {}
          },
          "sensitive_attributes": [],
          "private": "bnVsbA=="
        }
      ]
    },
    {
      "module": "module.cloudfront_waf",
      "mode": "managed",
      "type": "aws_wafv2_rule_group",
      "name": "ONS_custom_rule_group",
      "provider": "provider[\"registry.terraform.io/hashicorp/aws\"].seoul",
      "instances": [
        {
          "schema_version": 0,
          "attributes": {
            "arn": "arn:aws:wafv2:ap-northeast-2:640719013987:regional/rulegroup/ONS-WAF-Custom-RuleGroup1/fd59926e-57ce-470f-acda-0496fb8b11df",
            "capacity": 150,
            "custom_response_body": [],
            "description": "Custom WAF RuleGroup for ONS",
            "id": "fd59926e-57ce-470f-acda-0496fb8b11df",
            "lock_token": "d8d1fdc4-ac63-4857-9eff-74b963503b47",
            "name": "ONS-WAF-Custom-RuleGroup1",
            "name_prefix": "",
            "rule": [
              {
                "action": [
                  {
                    "allow": [],
                    "block": [
                      {
                        "custom_response": []
                      }
                    ],
                    "captcha": [],
                    "challenge": [],
                    "count": []
                  }
                ],
                "captcha_config": [],
                "name": "ONS-URIpath",
                "priority": 1,
                "rule_label": [],
                "statement": [
                  {
                    "and_statement": [],
                    "asn_match_statement": [],
                    "byte_match_statement": [],
                    "geo_match_statement": [],
                    "ip_set_reference_statement": [],
                    "label_match_statement": [],
                    "not_statement": [],
                    "or_statement": [],
                    "rate_based_statement": [],
                    "regex_match_statement": [],
                    "regex_pattern_set_reference_statement": [
                      {
                        "arn": "arn:aws:wafv2:ap-northeast-2:640719013987:regional/regexpatternset/ons_regex_uri_path1/9617362f-fe98-4683-8fcf-959c4d689182",
                        "field_to_match": [
                          {
                            "all_query_arguments": [],
                            "body": [],
                            "cookies": [],
                            "header_order": [],
                            "headers": [],
                            "ja3_fingerprint": [],
                            "ja4_fingerprint": [],
                            "json_body": [],
                            "method": [],
                            "query_string": [],
                            "single_header": [],
                            "single_query_argument": [],
                            "uri_fragment": [],
                            "uri_path": [
                              {}
                            ]
                          }
                        ],
                        "text_transformation": [
                          {
                            "priority": 0,
                            "type": "NONE"
                          }
                        ]
                      }
                    ],
                    "size_constraint_statement": [],
                    "sqli_match_statement": [],
                    "xss_match_statement": []
                  }
                ],
                "visibility_config": [
                  {
                    "cloudwatch_metrics_enabled": true,
                    "metric_name": "ONS-URIpath",
                    "sampled_requests_enabled": true
                  }
                ]
              },
              {
                "action": [
                  {
                    "allow": [],
                    "block": [
                      {
                        "custom_response": []
                      }
                    ],
                    "captcha": [],
                    "challenge": [],
                    "count": []
                  }
                ],
                "captcha_config": [],
                "name": "ONS-UserAgent",
                "priority": 2,
                "rule_label": [],
                "statement": [
                  {
                    "and_statement": [],
                    "asn_match_statement": [],
                    "byte_match_statement": [],
                    "geo_match_statement": [],
                    "ip_set_reference_statement": [],
                    "label_match_statement": [],
                    "not_statement": [],
                    "or_statement": [],
                    "rate_based_statement": [],
                    "regex_match_statement": [],
                    "regex_pattern_set_reference_statement": [
                      {
                        "arn": "arn:aws:wafv2:ap-northeast-2:640719013987:regional/regexpatternset/ons_regex_user_agent1/962e1b0d-6e3d-474c-a5af-f75d42f5b306",
                        "field_to_match": [
                          {
                            "all_query_arguments": [],
                            "body": [],
                            "cookies": [],
                            "header_order": [],
                            "headers": [],
                            "ja3_fingerprint": [],
                            "ja4_fingerprint": [],
                            "json_body": [],
                            "method": [],
                            "query_string": [],
                            "single_header": [
                              {
                                "name": "user-agent"
                              }
                            ],
                            "single_query_argument": [],
                            "uri_fragment": [],
                            "uri_path": []
                          }
                        ],
                        "text_transformation": [
                          {
                            "priority": 0,
                            "type": "NONE"
                          }
                        ]
                      }
                    ],
                    "size_constraint_statement": [],
                    "sqli_match_statement": [],
                    "xss_match_statement": []
                  }
                ],
                "visibility_config": [
                  {
                    "cloudwatch_metrics_enabled": true,
                    "metric_name": "ONS-UserAgent",
                    "sampled_requests_enabled": true
                  }
                ]
              },
              {
                "action": [
                  {
                    "allow": [],
                    "block": [
                      {
                        "custom_response": []
                      }
                    ],
                    "captcha": [],
                    "challenge": [],
                    "count": []
                  }
                ],
                "captcha_config": [],
                "name": "ONS-WAF-Host-IP-Allow1",
                "priority": 0,
                "rule_label": [],
                "statement": [
                  {
                    "and_statement": [],
                    "asn_match_statement": [],
                    "byte_match_statement": [],
                    "geo_match_statement": [],
                    "ip_set_reference_statement": [],
                    "label_match_statement": [],
                    "not_statement": [
                      {
                        "statement": [
                          {
                            "and_statement": [],
                            "asn_match_statement": [],
                            "byte_match_statement": [],
                            "geo_match_statement": [],
                            "ip_set_reference_statement": [
                              {
                                "arn": "arn:aws:wafv2:ap-northeast-2:640719013987:regional/ipset/ons_host_allow_ipset1/fbe7217d-aeac-4fff-b114-12000d514399",
                                "ip_set_forwarded_ip_config": []
                              }
                            ],
                            "label_match_statement": [],
                            "not_statement": [],
                            "or_statement": [],
                            "regex_match_statement": [],
                            "regex_pattern_set_reference_statement": [],
                            "size_constraint_statement": [],
                            "sqli_match_statement": [],
                            "xss_match_statement": []
                          }
                        ]
                      }
                    ],
                    "or_statement": [],
                    "rate_based_statement": [],
                    "regex_match_statement": [],
                    "regex_pattern_set_reference_statement": [],
                    "size_constraint_statement": [],
                    "sqli_match_statement": [],
                    "xss_match_statement": []
                  }
                ],
                "visibility_config": [
                  {
                    "cloudwatch_metrics_enabled": true,
                    "metric_name": "ONS-WAF-Host-IP-Allow1",
                    "sampled_requests_enabled": true
                  }
                ]
              },
              {
                "action": [
                  {
                    "allow": [],
                    "block": [],
                    "captcha": [],
                    "challenge": [],
                    "count": [
                      {
                        "custom_request_handling": []
                      }
                    ]
                  }
                ],
                "captcha_config": [],
                "name": "ONS-IPPatternDeny",
                "priority": 3,
                "rule_label": [],
                "statement": [
                  {
                    "and_statement": [],
                    "asn_match_statement": [],
                    "byte_match_statement": [],
                    "geo_match_statement": [],
                    "ip_set_reference_statement": [],
                    "label_match_statement": [],
                    "not_statement": [],
                    "or_statement": [],
                    "rate_based_statement": [],
                    "regex_match_statement": [],
                    "regex_pattern_set_reference_statement": [
                      {
                        "arn": "arn:aws:wafv2:ap-northeast-2:640719013987:regional/regexpatternset/ons_regex_ip_deny1/c71239dd-3317-4c27-a160-f63d8d6102f0",
                        "field_to_match": [
                          {
                            "all_query_arguments": [],
                            "body": [],
                            "cookies": [],
                            "header_order": [],
                            "headers": [],
                            "ja3_fingerprint": [],
                            "ja4_fingerprint": [],
                            "json_body": [],
                            "method": [],
                            "query_string": [],
                            "single_header": [
                              {
                                "name": "host"
                              }
                            ],
                            "single_query_argument": [],
                            "uri_fragment": [],
                            "uri_path": []
                          }
                        ],
                        "text_transformation": [
                          {
                            "priority": 0,
                            "type": "NONE"
                          }
                        ]
                      }
                    ],
                    "size_constraint_statement": [],
                    "sqli_match_statement": [],
                    "xss_match_statement": []
                  }
                ],
                "visibility_config": [
                  {
                    "cloudwatch_metrics_enabled": true,
                    "metric_name": "ONS-IPPatternDeny",
                    "sampled_requests_enabled": true
                  }
                ]
              }
            ],
            "scope": "REGIONAL",
            "tags": null,
            "tags_all": {},
            "visibility_config": [
              {
                "cloudwatch_metrics_enabled": true,
                "metric_name": "ONS-WAF-Custom-RuleGroup",
                "sampled_requests_enabled": true
              }
            ]
          },
          "sensitive_attributes": [],
          "private": "bnVsbA==",
          "dependencies": [
            "module.cloudfront_waf.aws_wafv2_ip_set.host_allow_ips",
            "module.cloudfront_waf.aws_wafv2_regex_pattern_set.ons_regex_ip_deny",
            "module.cloudfront_waf.aws_wafv2_regex_pattern_set.ons_regex_uri_path",
            "module.cloudfront_waf.aws_wafv2_regex_pattern_set.ons_regex_user_agent"
          ]
        }
      ]
    },
    {
      "module": "module.cloudfront_waf",
      "mode": "managed",
      "type": "aws_wafv2_web_acl",
      "name": "WafWebAcl",
      "provider": "provider[\"registry.terraform.io/hashicorp/aws\"].seoul",
      "instances": [
        {
          "schema_version": 0,
          "attributes": {
            "application_integration_url": "",
            "arn": "arn:aws:wafv2:ap-northeast-2:640719013987:regional/webacl/CJL-EGFLEXS-PRD-WAFACL/7a883980-7eb3-426d-9cdb-31e8f887ad89",
            "association_config": [],
            "capacity": 1727,
            "captcha_config": [],
            "challenge_config": [],
            "custom_response_body": [],
            "data_protection_config": [],
            "default_action": [
              {
                "allow": [
                  {
                    "custom_request_handling": []
                  }
                ],
                "block": []
              }
            ],
            "description": "WAF for CJL-EGFLEXS-PRD-WAFACL",
            "id": "7a883980-7eb3-426d-9cdb-31e8f887ad89",
            "lock_token": "f7a45ae7-9c8e-42ff-8c71-7cd968459b8c",
            "name": "CJL-EGFLEXS-PRD-WAFACL",
            "name_prefix": "",
            "rule": [
              {
                "action": [
                  {
                    "allow": [
                      {
                        "custom_request_handling": []
                      }
                    ],
                    "block": [],
                    "captcha": [],
                    "challenge": [],
                    "count": []
                  }
                ],
                "captcha_config": [],
                "challenge_config": [],
                "name": "ONS-Allow_IPSets_Rule",
                "override_action": [],
                "priority": 0,
                "rule_label": [],
                "statement": [
                  {
                    "and_statement": [],
                    "asn_match_statement": [],
                    "byte_match_statement": [],
                    "geo_match_statement": [],
                    "ip_set_reference_statement": [
                      {
                        "arn": "arn:aws:wafv2:ap-northeast-2:640719013987:regional/ipset/ons_allow_ipset1/5476ab9b-48f0-4c8c-af10-812934660cff",
                        "ip_set_forwarded_ip_config": []
                      }
                    ],
                    "label_match_statement": [],
                    "managed_rule_group_statement": [],
                    "not_statement": [],
                    "or_statement": [],
                    "rate_based_statement": [],
                    "regex_match_statement": [],
                    "regex_pattern_set_reference_statement": [],
                    "rule_group_reference_statement": [],
                    "size_constraint_statement": [],
                    "sqli_match_statement": [],
                    "xss_match_statement": []
                  }
                ],
                "visibility_config": [
                  {
                    "cloudwatch_metrics_enabled": true,
                    "metric_name": "ONS-Allow_IPSets_Rule",
                    "sampled_requests_enabled": true
                  }
                ]
              },
              {
                "action": [
                  {
                    "allow": [],
                    "block": [
                      {
                        "custom_response": []
                      }
                    ],
                    "captcha": [],
                    "challenge": [],
                    "count": []
                  }
                ],
                "captcha_config": [],
                "challenge_config": [],
                "name": "ONS-Block_IPSets_Rule",
                "override_action": [],
                "priority": 1,
                "rule_label": [],
                "statement": [
                  {
                    "and_statement": [],
                    "asn_match_statement": [],
                    "byte_match_statement": [],
                    "geo_match_statement": [],
                    "ip_set_reference_statement": [
                      {
                        "arn": "arn:aws:wafv2:ap-northeast-2:640719013987:regional/ipset/ons_block_ipset1/7da32e95-e0e1-4190-98a4-472c4f1e0f44",
                        "ip_set_forwarded_ip_config": []
                      }
                    ],
                    "label_match_statement": [],
                    "managed_rule_group_statement": [],
                    "not_statement": [],
                    "or_statement": [],
                    "rate_based_statement": [],
                    "regex_match_statement": [],
                    "regex_pattern_set_reference_statement": [],
                    "rule_group_reference_statement": [],
                    "size_constraint_statement": [],
                    "sqli_match_statement": [],
                    "xss_match_statement": []
                  }
                ],
                "visibility_config": [
                  {
                    "cloudwatch_metrics_enabled": true,
                    "metric_name": "ONS-Block_IPSets_Rule",
                    "sampled_requests_enabled": true
                  }
                ]
              },
              {
                "action": [],
                "captcha_config": [],
                "challenge_config": [],
                "name": "AWS-AWSManagedRulesAdminProtectionRuleSet",
                "override_action": [
                  {
                    "count": [],
                    "none": [
                      {}
                    ]
                  }
                ],
                "priority": 5,
                "rule_label": [],
                "statement": [
                  {
                    "and_statement": [],
                    "asn_match_statement": [],
                    "byte_match_statement": [],
                    "geo_match_statement": [],
                    "ip_set_reference_statement": [],
                    "label_match_statement": [],
                    "managed_rule_group_statement": [
                      {
                        "managed_rule_group_configs": [],
                        "name": "AWSManagedRulesAdminProtectionRuleSet",
                        "rule_action_override": [
                          {
                            "action_to_use": [
                              {
                                "allow": [],
                                "block": [],
                                "captcha": [],
                                "challenge": [],
                                "count": [
                                  {
                                    "custom_request_handling": []
                                  }
                                ]
                              }
                            ],
                            "name": "AdminProtection_URIPATH"
                          }
                        ],
                        "scope_down_statement": [],
                        "vendor_name": "AWS",
                        "version": "Version_1.1"
                      }
                    ],
                    "not_statement": [],
                    "or_statement": [],
                    "rate_based_statement": [],
                    "regex_match_statement": [],
                    "regex_pattern_set_reference_statement": [],
                    "rule_group_reference_statement": [],
                    "size_constraint_statement": [],
                    "sqli_match_statement": [],
                    "xss_match_statement": []
                  }
                ],
                "visibility_config": [
                  {
                    "cloudwatch_metrics_enabled": true,
                    "metric_name": "AWS-AWSManagedRulesAdminProtectionRuleSet",
                    "sampled_requests_enabled": true
                  }
                ]
              },
              {
                "action": [],
                "captcha_config": [],
                "challenge_config": [],
                "name": "AWS-AWSManagedRulesAmazonIpReputationList",
                "override_action": [
                  {
                    "count": [],
                    "none": [
                      {}
                    ]
                  }
                ],
                "priority": 9,
                "rule_label": [],
                "statement": [
                  {
                    "and_statement": [],
                    "asn_match_statement": [],
                    "byte_match_statement": [],
                    "geo_match_statement": [],
                    "ip_set_reference_statement": [],
                    "label_match_statement": [],
                    "managed_rule_group_statement": [
                      {
                        "managed_rule_group_configs": [],
                        "name": "AWSManagedRulesAmazonIpReputationList",
                        "rule_action_override": [
                          {
                            "action_to_use": [
                              {
                                "allow": [],
                                "block": [],
                                "captcha": [],
                                "challenge": [],
                                "count": [
                                  {
                                    "custom_request_handling": []
                                  }
                                ]
                              }
                            ],
                            "name": "AWSManagedIPReputationList"
                          },
                          {
                            "action_to_use": [
                              {
                                "allow": [],
                                "block": [],
                                "captcha": [],
                                "challenge": [],
                                "count": [
                                  {
                                    "custom_request_handling": []
                                  }
                                ]
                              }
                            ],
                            "name": "AWSManagedReconnaissanceList"
                          },
                          {
                            "action_to_use": [
                              {
                                "allow": [],
                                "block": [],
                                "captcha": [],
                                "challenge": [],
                                "count": [
                                  {
                                    "custom_request_handling": []
                                  }
                                ]
                              }
                            ],
                            "name": "AWSManagedIPDDoSList"
                          }
                        ],
                        "scope_down_statement": [],
                        "vendor_name": "AWS",
                        "version": ""
                      }
                    ],
                    "not_statement": [],
                    "or_statement": [],
                    "rate_based_statement": [],
                    "regex_match_statement": [],
                    "regex_pattern_set_reference_statement": [],
                    "rule_group_reference_statement": [],
                    "size_constraint_statement": [],
                    "sqli_match_statement": [],
                    "xss_match_statement": []
                  }
                ],
                "visibility_config": [
                  {
                    "cloudwatch_metrics_enabled": true,
                    "metric_name": "AWS-AWSManagedRulesAmazonIpReputationList",
                    "sampled_requests_enabled": true
                  }
                ]
              },
              {
                "action": [],
                "captcha_config": [],
                "challenge_config": [],
                "name": "AWS-AWSManagedRulesAnonymousIpList",
                "override_action": [
                  {
                    "count": [],
                    "none": [
                      {}
                    ]
                  }
                ],
                "priority": 10,
                "rule_label": [],
                "statement": [
                  {
                    "and_statement": [],
                    "asn_match_statement": [],
                    "byte_match_statement": [],
                    "geo_match_statement": [],
                    "ip_set_reference_statement": [],
                    "label_match_statement": [],
                    "managed_rule_group_statement": [
                      {
                        "managed_rule_group_configs": [],
                        "name": "AWSManagedRulesAnonymousIpList",
                        "rule_action_override": [
                          {
                            "action_to_use": [
                              {
                                "allow": [],
                                "block": [],
                                "captcha": [],
                                "challenge": [],
                                "count": [
                                  {
                                    "custom_request_handling": []
                                  }
                                ]
                              }
                            ],
                            "name": "AnonymousIPList"
                          },
                          {
                            "action_to_use": [
                              {
                                "allow": [],
                                "block": [],
                                "captcha": [],
                                "challenge": [],
                                "count": [
                                  {
                                    "custom_request_handling": []
                                  }
                                ]
                              }
                            ],
                            "name": "HostingProviderIPList"
                          }
                        ],
                        "scope_down_statement": [],
                        "vendor_name": "AWS",
                        "version": ""
                      }
                    ],
                    "not_statement": [],
                    "or_statement": [],
                    "rate_based_statement": [],
                    "regex_match_statement": [],
                    "regex_pattern_set_reference_statement": [],
                    "rule_group_reference_statement": [],
                    "size_constraint_statement": [],
                    "sqli_match_statement": [],
                    "xss_match_statement": []
                  }
                ],
                "visibility_config": [
                  {
                    "cloudwatch_metrics_enabled": true,
                    "metric_name": "AWS-AWSManagedRulesAnonymousIpList",
                    "sampled_requests_enabled": true
                  }
                ]
              },
              {
                "action": [],
                "captcha_config": [],
                "challenge_config": [],
                "name": "AWS-AWSManagedRulesCommonRuleSet",
                "override_action": [
                  {
                    "count": [],
                    "none": [
                      {}
                    ]
                  }
                ],
                "priority": 3,
                "rule_label": [],
                "statement": [
                  {
                    "and_statement": [],
                    "asn_match_statement": [],
                    "byte_match_statement": [],
                    "geo_match_statement": [],
                    "ip_set_reference_statement": [],
                    "label_match_statement": [],
                    "managed_rule_group_statement": [
                      {
                        "managed_rule_group_configs": [],
                        "name": "AWSManagedRulesCommonRuleSet",
                        "rule_action_override": [
                          {
                            "action_to_use": [
                              {
                                "allow": [],
                                "block": [],
                                "captcha": [],
                                "challenge": [],
                                "count": [
                                  {
                                    "custom_request_handling": []
                                  }
                                ]
                              }
                            ],
                            "name": "NoUserAgent_HEADER"
                          },
                          {
                            "action_to_use": [
                              {
                                "allow": [],
                                "block": [
                                  {
                                    "custom_response": []
                                  }
                                ],
                                "captcha": [],
                                "challenge": [],
                                "count": []
                              }
                            ],
                            "name": "UserAgent_BadBots_HEADER"
                          },
                          {
                            "action_to_use": [
                              {
                                "allow": [],
                                "block": [
                                  {
                                    "custom_response": []
                                  }
                                ],
                                "captcha": [],
                                "challenge": [],
                                "count": []
                              }
                            ],
                            "name": "SizeRestrictions_QUERYSTRING"
                          },
                          {
                            "action_to_use": [
                              {
                                "allow": [],
                                "block": [
                                  {
                                    "custom_response": []
                                  }
                                ],
                                "captcha": [],
                                "challenge": [],
                                "count": []
                              }
                            ],
                            "name": "SizeRestrictions_Cookie_HEADER"
                          },
                          {
                            "action_to_use": [
                              {
                                "allow": [],
                                "block": [],
                                "captcha": [],
                                "challenge": [],
                                "count": [
                                  {
                                    "custom_request_handling": []
                                  }
                                ]
                              }
                            ],
                            "name": "SizeRestrictions_BODY"
                          },
                          {
                            "action_to_use": [
                              {
                                "allow": [],
                                "block": [],
                                "captcha": [],
                                "challenge": [],
                                "count": [
                                  {
                                    "custom_request_handling": []
                                  }
                                ]
                              }
                            ],
                            "name": "SizeRestrictions_URIPATH"
                          },
                          {
                            "action_to_use": [
                              {
                                "allow": [],
                                "block": [
                                  {
                                    "custom_response": []
                                  }
                                ],
                                "captcha": [],
                                "challenge": [],
                                "count": []
                              }
                            ],
                            "name": "EC2MetaDataSSRF_BODY"
                          },
                          {
                            "action_to_use": [
                              {
                                "allow": [],
                                "block": [
                                  {
                                    "custom_response": []
                                  }
                                ],
                                "captcha": [],
                                "challenge": [],
                                "count": []
                              }
                            ],
                            "name": "EC2MetaDataSSRF_COOKIE"
                          },
                          {
                            "action_to_use": [
                              {
                                "allow": [],
                                "block": [
                                  {
                                    "custom_response": []
                                  }
                                ],
                                "captcha": [],
                                "challenge": [],
                                "count": []
                              }
                            ],
                            "name": "EC2MetaDataSSRF_URIPATH"
                          },
                          {
                            "action_to_use": [
                              {
                                "allow": [],
                                "block": [
                                  {
                                    "custom_response": []
                                  }
                                ],
                                "captcha": [],
                                "challenge": [],
                                "count": []
                              }
                            ],
                            "name": "EC2MetaDataSSRF_QUERYARGUMENTS"
                          },
                          {
                            "action_to_use": [
                              {
                                "allow": [],
                                "block": [
                                  {
                                    "custom_response": []
                                  }
                                ],
                                "captcha": [],
                                "challenge": [],
                                "count": []
                              }
                            ],
                            "name": "GenericLFI_QUERYARGUMENTS"
                          },
                          {
                            "action_to_use": [
                              {
                                "allow": [],
                                "block": [
                                  {
                                    "custom_response": []
                                  }
                                ],
                                "captcha": [],
                                "challenge": [],
                                "count": []
                              }
                            ],
                            "name": "GenericLFI_URIPATH"
                          },
                          {
                            "action_to_use": [
                              {
                                "allow": [],
                                "block": [
                                  {
                                    "custom_response": []
                                  }
                                ],
                                "captcha": [],
                                "challenge": [],
                                "count": []
                              }
                            ],
                            "name": "GenericLFI_BODY"
                          },
                          {
                            "action_to_use": [
                              {
                                "allow": [],
                                "block": [
                                  {
                                    "custom_response": []
                                  }
                                ],
                                "captcha": [],
                                "challenge": [],
                                "count": []
                              }
                            ],
                            "name": "RestrictedExtensions_URIPATH"
                          },
                          {
                            "action_to_use": [
                              {
                                "allow": [],
                                "block": [
                                  {
                                    "custom_response": []
                                  }
                                ],
                                "captcha": [],
                                "challenge": [],
                                "count": []
                              }
                            ],
                            "name": "RestrictedExtensions_QUERYARGUMENTS"
                          },
                          {
                            "action_to_use": [
                              {
                                "allow": [],
                                "block": [
                                  {
                                    "custom_response": []
                                  }
                                ],
                                "captcha": [],
                                "challenge": [],
                                "count": []
                              }
                            ],
                            "name": "GenericRFI_QUERYARGUMENTS"
                          },
                          {
                            "action_to_use": [
                              {
                                "allow": [],
                                "block": [
                                  {
                                    "custom_response": []
                                  }
                                ],
                                "captcha": [],
                                "challenge": [],
                                "count": []
                              }
                            ],
                            "name": "GenericRFI_BODY"
                          },
                          {
                            "action_to_use": [
                              {
                                "allow": [],
                                "block": [
                                  {
                                    "custom_response": []
                                  }
                                ],
                                "captcha": [],
                                "challenge": [],
                                "count": []
                              }
                            ],
                            "name": "GenericRFI_URIPATH"
                          },
                          {
                            "action_to_use": [
                              {
                                "allow": [],
                                "block": [
                                  {
                                    "custom_response": []
                                  }
                                ],
                                "captcha": [],
                                "challenge": [],
                                "count": []
                              }
                            ],
                            "name": "CrossSiteScripting_COOKIE"
                          },
                          {
                            "action_to_use": [
                              {
                                "allow": [],
                                "block": [],
                                "captcha": [],
                                "challenge": [],
                                "count": [
                                  {
                                    "custom_request_handling": []
                                  }
                                ]
                              }
                            ],
                            "name": "CrossSiteScripting_QUERYARGUMENTS"
                          },
                          {
                            "action_to_use": [
                              {
                                "allow": [],
                                "block": [],
                                "captcha": [],
                                "challenge": [],
                                "count": [
                                  {
                                    "custom_request_handling": []
                                  }
                                ]
                              }
                            ],
                            "name": "CrossSiteScripting_BODY"
                          },
                          {
                            "action_to_use": [
                              {
                                "allow": [],
                                "block": [
                                  {
                                    "custom_response": []
                                  }
                                ],
                                "captcha": [],
                                "challenge": [],
                                "count": []
                              }
                            ],
                            "name": "CrossSiteScripting_URIPATH"
                          }
                        ],
                        "scope_down_statement": [],
                        "vendor_name": "AWS",
                        "version": "Version_1.17"
                      }
                    ],
                    "not_statement": [],
                    "or_statement": [],
                    "rate_based_statement": [],
                    "regex_match_statement": [],
                    "regex_pattern_set_reference_statement": [],
                    "rule_group_reference_statement": [],
                    "size_constraint_statement": [],
                    "sqli_match_statement": [],
                    "xss_match_statement": []
                  }
                ],
                "visibility_config": [
                  {
                    "cloudwatch_metrics_enabled": true,
                    "metric_name": "AWS-AWSManagedRulesCommonRuleSet",
                    "sampled_requests_enabled": true
                  }
                ]
              },
              {
                "action": [],
                "captcha_config": [],
                "challenge_config": [],
                "name": "AWS-AWSManagedRulesKnownBadInputsRuleSet",
                "override_action": [
                  {
                    "count": [],
                    "none": [
                      {}
                    ]
                  }
                ],
                "priority": 4,
                "rule_label": [],
                "statement": [
                  {
                    "and_statement": [],
                    "asn_match_statement": [],
                    "byte_match_statement": [],
                    "geo_match_statement": [],
                    "ip_set_reference_statement": [],
                    "label_match_statement": [],
                    "managed_rule_group_statement": [
                      {
                        "managed_rule_group_configs": [],
                        "name": "AWSManagedRulesKnownBadInputsRuleSet",
                        "rule_action_override": [
                          {
                            "action_to_use": [
                              {
                                "allow": [],
                                "block": [
                                  {
                                    "custom_response": []
                                  }
                                ],
                                "captcha": [],
                                "challenge": [],
                                "count": []
                              }
                            ],
                            "name": "JavaDeserializationRCE_BODY"
                          },
                          {
                            "action_to_use": [
                              {
                                "allow": [],
                                "block": [
                                  {
                                    "custom_response": []
                                  }
                                ],
                                "captcha": [],
                                "challenge": [],
                                "count": []
                              }
                            ],
                            "name": "JavaDeserializationRCE_URIPATH"
                          },
                          {
                            "action_to_use": [
                              {
                                "allow": [],
                                "block": [
                                  {
                                    "custom_response": []
                                  }
                                ],
                                "captcha": [],
                                "challenge": [],
                                "count": []
                              }
                            ],
                            "name": "JavaDeserializationRCE_QUERYSTRING"
                          },
                          {
                            "action_to_use": [
                              {
                                "allow": [],
                                "block": [
                                  {
                                    "custom_response": []
                                  }
                                ],
                                "captcha": [],
                                "challenge": [],
                                "count": []
                              }
                            ],
                            "name": "JavaDeserializationRCE_HEADER"
                          },
                          {
                            "action_to_use": [
                              {
                                "allow": [],
                                "block": [
                                  {
                                    "custom_response": []
                                  }
                                ],
                                "captcha": [],
                                "challenge": [],
                                "count": []
                              }
                            ],
                            "name": "Host_localhost_HEADER"
                          },
                          {
                            "action_to_use": [
                              {
                                "allow": [],
                                "block": [
                                  {
                                    "custom_response": []
                                  }
                                ],
                                "captcha": [],
                                "challenge": [],
                                "count": []
                              }
                            ],
                            "name": "PROPFIND_METHOD"
                          },
                          {
                            "action_to_use": [
                              {
                                "allow": [],
                                "block": [
                                  {
                                    "custom_response": []
                                  }
                                ],
                                "captcha": [],
                                "challenge": [],
                                "count": []
                              }
                            ],
                            "name": "ExploitablePaths_URIPATH"
                          },
                          {
                            "action_to_use": [
                              {
                                "allow": [],
                                "block": [
                                  {
                                    "custom_response": []
                                  }
                                ],
                                "captcha": [],
                                "challenge": [],
                                "count": []
                              }
                            ],
                            "name": "Log4JRCE_QUERYSTRING"
                          },
                          {
                            "action_to_use": [
                              {
                                "allow": [],
                                "block": [
                                  {
                                    "custom_response": []
                                  }
                                ],
                                "captcha": [],
                                "challenge": [],
                                "count": []
                              }
                            ],
                            "name": "Log4JRCE_BODY"
                          },
                          {
                            "action_to_use": [
                              {
                                "allow": [],
                                "block": [
                                  {
                                    "custom_response": []
                                  }
                                ],
                                "captcha": [],
                                "challenge": [],
                                "count": []
                              }
                            ],
                            "name": "Log4JRCE_URIPATH"
                          },
                          {
                            "action_to_use": [
                              {
                                "allow": [],
                                "block": [
                                  {
                                    "custom_response": []
                                  }
                                ],
                                "captcha": [],
                                "challenge": [],
                                "count": []
                              }
                            ],
                            "name": "Log4JRCE_HEADER"
                          },
                          {
                            "action_to_use": [
                              {
                                "allow": [],
                                "block": [
                                  {
                                    "custom_response": []
                                  }
                                ],
                                "captcha": [],
                                "challenge": [],
                                "count": []
                              }
                            ],
                            "name": "ReactJSRCE_BODY"
                          }
                        ],
                        "scope_down_statement": [],
                        "vendor_name": "AWS",
                        "version": "Version_1.24"
                      }
                    ],
                    "not_statement": [],
                    "or_statement": [],
                    "rate_based_statement": [],
                    "regex_match_statement": [],
                    "regex_pattern_set_reference_statement": [],
                    "rule_group_reference_statement": [],
                    "size_constraint_statement": [],
                    "sqli_match_statement": [],
                    "xss_match_statement": []
                  }
                ],
                "visibility_config": [
                  {
                    "cloudwatch_metrics_enabled": true,
                    "metric_name": "AWS-AWSManagedRulesKnownBadInputsRuleSet",
                    "sampled_requests_enabled": true
                  }
                ]
              },
              {
                "action": [],
                "captcha_config": [],
                "challenge_config": [],
                "name": "AWS-AWSManagedRulesLinuxRuleSet",
                "override_action": [
                  {
                    "count": [],
                    "none": [
                      {}
                    ]
                  }
                ],
                "priority": 6,
                "rule_label": [],
                "statement": [
                  {
                    "and_statement": [],
                    "asn_match_statement": [],
                    "byte_match_statement": [],
                    "geo_match_statement": [],
                    "ip_set_reference_statement": [],
                    "label_match_statement": [],
                    "managed_rule_group_statement": [
                      {
                        "managed_rule_group_configs": [],
                        "name": "AWSManagedRulesLinuxRuleSet",
                        "rule_action_override": [
                          {
                            "action_to_use": [
                              {
                                "allow": [],
                                "block": [
                                  {
                                    "custom_response": []
                                  }
                                ],
                                "captcha": [],
                                "challenge": [],
                                "count": []
                              }
                            ],
                            "name": "LFI_URIPATH"
                          },
                          {
                            "action_to_use": [
                              {
                                "allow": [],
                                "block": [
                                  {
                                    "custom_response": []
                                  }
                                ],
                                "captcha": [],
                                "challenge": [],
                                "count": []
                              }
                            ],
                            "name": "LFI_QUERYSTRING"
                          },
                          {
                            "action_to_use": [
                              {
                                "allow": [],
                                "block": [
                                  {
                                    "custom_response": []
                                  }
                                ],
                                "captcha": [],
                                "challenge": [],
                                "count": []
                              }
                            ],
                            "name": "LFI_HEADER"
                          }
                        ],
                        "scope_down_statement": [],
                        "vendor_name": "AWS",
                        "version": "Version_2.6"
                      }
                    ],
                    "not_statement": [],
                    "or_statement": [],
                    "rate_based_statement": [],
                    "regex_match_statement": [],
                    "regex_pattern_set_reference_statement": [],
                    "rule_group_reference_statement": [],
                    "size_constraint_statement": [],
                    "sqli_match_statement": [],
                    "xss_match_statement": []
                  }
                ],
                "visibility_config": [
                  {
                    "cloudwatch_metrics_enabled": true,
                    "metric_name": "AWS-AWSManagedRulesLinuxRuleSet",
                    "sampled_requests_enabled": true
                  }
                ]
              },
              {
                "action": [],
                "captcha_config": [],
                "challenge_config": [],
                "name": "AWS-AWSManagedRulesSQLiRuleSet",
                "override_action": [
                  {
                    "count": [],
                    "none": [
                      {}
                    ]
                  }
                ],
                "priority": 8,
                "rule_label": [],
                "statement": [
                  {
                    "and_statement": [],
                    "asn_match_statement": [],
                    "byte_match_statement": [],
                    "geo_match_statement": [],
                    "ip_set_reference_statement": [],
                    "label_match_statement": [],
                    "managed_rule_group_statement": [
                      {
                        "managed_rule_group_configs": [],
                        "name": "AWSManagedRulesSQLiRuleSet",
                        "rule_action_override": [
                          {
                            "action_to_use": [
                              {
                                "allow": [],
                                "block": [
                                  {
                                    "custom_response": []
                                  }
                                ],
                                "captcha": [],
                                "challenge": [],
                                "count": []
                              }
                            ],
                            "name": "SQLiExtendedPatterns_QUERYARGUMENTS"
                          },
                          {
                            "action_to_use": [
                              {
                                "allow": [],
                                "block": [],
                                "captcha": [],
                                "challenge": [],
                                "count": [
                                  {
                                    "custom_request_handling": []
                                  }
                                ]
                              }
                            ],
                            "name": "SQLi_QUERYARGUMENTS"
                          },
                          {
                            "action_to_use": [
                              {
                                "allow": [],
                                "block": [],
                                "captcha": [],
                                "challenge": [],
                                "count": [
                                  {
                                    "custom_request_handling": []
                                  }
                                ]
                              }
                            ],
                            "name": "SQLi_BODY"
                          },
                          {
                            "action_to_use": [
                              {
                                "allow": [],
                                "block": [
                                  {
                                    "custom_response": []
                                  }
                                ],
                                "captcha": [],
                                "challenge": [],
                                "count": []
                              }
                            ],
                            "name": "SQLi_COOKIE"
                          },
                          {
                            "action_to_use": [
                              {
                                "allow": [],
                                "block": [
                                  {
                                    "custom_response": []
                                  }
                                ],
                                "captcha": [],
                                "challenge": [],
                                "count": []
                              }
                            ],
                            "name": "SQLi_URIPATH"
                          }
                        ],
                        "scope_down_statement": [],
                        "vendor_name": "AWS",
                        "version": "Version_1.3"
                      }
                    ],
                    "not_statement": [],
                    "or_statement": [],
                    "rate_based_statement": [],
                    "regex_match_statement": [],
                    "regex_pattern_set_reference_statement": [],
                    "rule_group_reference_statement": [],
                    "size_constraint_statement": [],
                    "sqli_match_statement": [],
                    "xss_match_statement": []
                  }
                ],
                "visibility_config": [
                  {
                    "cloudwatch_metrics_enabled": true,
                    "metric_name": "AWS-AWSManagedRulesSQLiRuleSet",
                    "sampled_requests_enabled": true
                  }
                ]
              },
              {
                "action": [],
                "captcha_config": [],
                "challenge_config": [],
                "name": "AWS-AWSManagedRulesUnixRuleSet",
                "override_action": [
                  {
                    "count": [],
                    "none": [
                      {}
                    ]
                  }
                ],
                "priority": 7,
                "rule_label": [],
                "statement": [
                  {
                    "and_statement": [],
                    "asn_match_statement": [],
                    "byte_match_statement": [],
                    "geo_match_statement": [],
                    "ip_set_reference_statement": [],
                    "label_match_statement": [],
                    "managed_rule_group_statement": [
                      {
                        "managed_rule_group_configs": [],
                        "name": "AWSManagedRulesUnixRuleSet",
                        "rule_action_override": [
                          {
                            "action_to_use": [
                              {
                                "allow": [],
                                "block": [],
                                "captcha": [],
                                "challenge": [],
                                "count": [
                                  {
                                    "custom_request_handling": []
                                  }
                                ]
                              }
                            ],
                            "name": "UNIXShellCommandsVariables_QUERYSTRING"
                          },
                          {
                            "action_to_use": [
                              {
                                "allow": [],
                                "block": [],
                                "captcha": [],
                                "challenge": [],
                                "count": [
                                  {
                                    "custom_request_handling": []
                                  }
                                ]
                              }
                            ],
                            "name": "UNIXShellCommandsVariables_BODY"
                          },
                          {
                            "action_to_use": [
                              {
                                "allow": [],
                                "block": [],
                                "captcha": [],
                                "challenge": [],
                                "count": [
                                  {
                                    "custom_request_handling": []
                                  }
                                ]
                              }
                            ],
                            "name": "UNIXShellCommandsVariables_HEADER"
                          }
                        ],
                        "scope_down_statement": [],
                        "vendor_name": "AWS",
                        "version": "Version_3.0"
                      }
                    ],
                    "not_statement": [],
                    "or_statement": [],
                    "rate_based_statement": [],
                    "regex_match_statement": [],
                    "regex_pattern_set_reference_statement": [],
                    "rule_group_reference_statement": [],
                    "size_constraint_statement": [],
                    "sqli_match_statement": [],
                    "xss_match_statement": []
                  }
                ],
                "visibility_config": [
                  {
                    "cloudwatch_metrics_enabled": true,
                    "metric_name": "AWS-AWSManagedRulesUnixRuleSet",
                    "sampled_requests_enabled": true
                  }
                ]
              },
              {
                "action": [],
                "captcha_config": [],
                "challenge_config": [],
                "name": "ONS-WAF-Custom-RuleGroup",
                "override_action": [
                  {
                    "count": [],
                    "none": [
                      {}
                    ]
                  }
                ],
                "priority": 2,
                "rule_label": [],
                "statement": [
                  {
                    "and_statement": [],
                    "asn_match_statement": [],
                    "byte_match_statement": [],
                    "geo_match_statement": [],
                    "ip_set_reference_statement": [],
                    "label_match_statement": [],
                    "managed_rule_group_statement": [],
                    "not_statement": [],
                    "or_statement": [],
                    "rate_based_statement": [],
                    "regex_match_statement": [],
                    "regex_pattern_set_reference_statement": [],
                    "rule_group_reference_statement": [
                      {
                        "arn": "arn:aws:wafv2:ap-northeast-2:640719013987:regional/rulegroup/ONS-WAF-Custom-RuleGroup1/fd59926e-57ce-470f-acda-0496fb8b11df",
                        "rule_action_override": []
                      }
                    ],
                    "size_constraint_statement": [],
                    "sqli_match_statement": [],
                    "xss_match_statement": []
                  }
                ],
                "visibility_config": [
                  {
                    "cloudwatch_metrics_enabled": true,
                    "metric_name": "ONS-WAF-Custom-RuleGroup",
                    "sampled_requests_enabled": true
                  }
                ]
              }
            ],
            "rule_json": null,
            "scope": "REGIONAL",
            "tags": null,
            "tags_all": {},
            "token_domains": null,
            "visibility_config": [
              {
                "cloudwatch_metrics_enabled": true,
                "metric_name": "CJL-EGFLEXS-PRD-WAFACL",
                "sampled_requests_enabled": true
              }
            ]
          },
          "sensitive_attributes": [],
          "private": "bnVsbA==",
          "dependencies": [
            "module.cloudfront_waf.aws_wafv2_ip_set.Allow_IPSets_Rule",
            "module.cloudfront_waf.aws_wafv2_ip_set.Block_IPSets_Rule",
            "module.cloudfront_waf.aws_wafv2_ip_set.host_allow_ips",
            "module.cloudfront_waf.aws_wafv2_regex_pattern_set.ons_regex_ip_deny",
            "module.cloudfront_waf.aws_wafv2_regex_pattern_set.ons_regex_uri_path",
            "module.cloudfront_waf.aws_wafv2_regex_pattern_set.ons_regex_user_agent",
            "module.cloudfront_waf.aws_wafv2_rule_group.ONS_custom_rule_group"
          ]
        }
      ]
    },
    {
      "module": "module.cloudfront_waf",
      "mode": "managed",
      "type": "aws_wafv2_web_acl_logging_configuration",
      "name": "web_acl_logging",
      "provider": "provider[\"registry.terraform.io/hashicorp/aws\"].seoul",
      "instances": [
        {
          "schema_version": 0,
          "attributes": {
            "id": "arn:aws:wafv2:ap-northeast-2:640719013987:regional/webacl/CJL-EGFLEXS-PRD-WAFACL/7a883980-7eb3-426d-9cdb-31e8f887ad89",
            "log_destination_configs": [
              "arn:aws:s3:::aws-waf-logs-cjl-collector-an2"
            ],
            "logging_filter": [],
            "redacted_fields": [],
            "resource_arn": "arn:aws:wafv2:ap-northeast-2:640719013987:regional/webacl/CJL-EGFLEXS-PRD-WAFACL/7a883980-7eb3-426d-9cdb-31e8f887ad89"
          },
          "sensitive_attributes": [],
          "private": "bnVsbA==",
          "dependencies": [
            "module.cloudfront_waf.aws_wafv2_ip_set.Allow_IPSets_Rule",
            "module.cloudfront_waf.aws_wafv2_ip_set.Block_IPSets_Rule",
            "module.cloudfront_waf.aws_wafv2_ip_set.host_allow_ips",
            "module.cloudfront_waf.aws_wafv2_regex_pattern_set.ons_regex_ip_deny",
            "module.cloudfront_waf.aws_wafv2_regex_pattern_set.ons_regex_uri_path",
            "module.cloudfront_waf.aws_wafv2_regex_pattern_set.ons_regex_user_agent",
            "module.cloudfront_waf.aws_wafv2_rule_group.ONS_custom_rule_group",
            "module.cloudfront_waf.aws_wafv2_web_acl.WafWebAcl"
          ]
        }
      ]
    }
  ],
  "check_results": null
}
