{
  "version": 4,
  "terraform_version": "1.9.3",
  "serial": 10,
  "lineage": "9b2d509a-e9b0-4304-d2fc-d0f028243d2d",
  "outputs": {},
  "resources": [
    {
      "module": "module.cloudfront_waf",
      "mode": "managed",
      "type": "aws_wafv2_ip_set",
      "name": "Allow_IPSets_Rule",
      "provider": "provider[\"registry.terraform.io/hashicorp/aws\"].global",
      "instances": [
        {
          "schema_version": 0,
          "attributes": {
            "addresses": null,
            "arn": "arn:aws:wafv2:us-east-1:640719013987:global/ipset/ons_allow_ipset1/924cde34-d6bf-474d-ae48-086b0e2544a9",
            "description": "Allowed IPs",
            "id": "924cde34-d6bf-474d-ae48-086b0e2544a9",
            "ip_address_version": "IPV4",
            "lock_token": "4eef2493-9f2c-409c-ae41-bde5d82489da",
            "name": "ons_allow_ipset1",
            "name_prefix": "",
            "scope": "CLOUDFRONT",
            "tags": null,
            "tags_all": {}
          },
          "sensitive_attributes": [],
          "private": "bnVsbA=="
        }
      ]
    },
    {
      "module": "module.cloudfront_waf",
      "mode": "managed",
      "type": "aws_wafv2_ip_set",
      "name": "Block_IPSets_Rule",
      "provider": "provider[\"registry.terraform.io/hashicorp/aws\"].global",
      "instances": [
        {
          "schema_version": 0,
          "attributes": {
            "addresses": null,
            "arn": "arn:aws:wafv2:us-east-1:640719013987:global/ipset/ons_block_ipset1/f217f557-61b9-4afa-a914-08b1fe863c18",
            "description": "Blocked IPs",
            "id": "f217f557-61b9-4afa-a914-08b1fe863c18",
            "ip_address_version": "IPV4",
            "lock_token": "a4fe6202-8f66-4e15-a577-2664a7f72815",
            "name": "ons_block_ipset1",
            "name_prefix": "",
            "scope": "CLOUDFRONT",
            "tags": null,
            "tags_all": {}
          },
          "sensitive_attributes": [],
          "private": "bnVsbA=="
        }
      ]
    },
    {
      "module": "module.cloudfront_waf",
      "mode": "managed",
      "type": "aws_wafv2_ip_set",
      "name": "host_allow_ips",
      "provider": "provider[\"registry.terraform.io/hashicorp/aws\"].global",
      "instances": [
        {
          "schema_version": 0,
          "attributes": {
            "addresses": [
              "203.248.117.37/32",
              "203.248.117.82/32",
              "203.248.117.83/32"
            ],
            "arn": "arn:aws:wafv2:us-east-1:640719013987:global/ipset/ons_host_allow_ipset1/c8c62372-e657-4a46-8eb9-93babca6fbf4",
            "description": "Host IP Allowlist",
            "id": "c8c62372-e657-4a46-8eb9-93babca6fbf4",
            "ip_address_version": "IPV4",
            "lock_token": "2b504590-19fb-43f6-bdab-13900d71f0d4",
            "name": "ons_host_allow_ipset1",
            "name_prefix": "",
            "scope": "CLOUDFRONT",
            "tags": null,
            "tags_all": {}
          },
          "sensitive_attributes": [],
          "private": "bnVsbA=="
        }
      ]
    },
    {
      "module": "module.cloudfront_waf",
      "mode": "managed",
      "type": "aws_wafv2_regex_pattern_set",
      "name": "ons_regex_ip_deny",
      "provider": "provider[\"registry.terraform.io/hashicorp/aws\"].global",
      "instances": [
        {
          "schema_version": 0,
          "attributes": {
            "arn": "arn:aws:wafv2:us-east-1:640719013987:global/regexpatternset/ons_regex_ip_deny1/46b387e9-2a56-407d-99c3-51d38a5724b7",
            "description": "IP Deny Pattern",
            "id": "46b387e9-2a56-407d-99c3-51d38a5724b7",
            "lock_token": "2165a42d-c0aa-491f-9aee-247bf0c32309",
            "name": "ons_regex_ip_deny1",
            "name_prefix": "",
            "regular_expression": [
              {
                "regex_string": "^((25[0-5]|2[0-4][0-9]|[01]?[0-9][0-9]?)\\.){3}(25[0-5]|2[0-4][0-9]|[01]?[0-9][0-9]?)$"
              }
            ],
            "scope": "CLOUDFRONT",
            "tags": null,
            "tags_all": {}
          },
          "sensitive_attributes": [],
          "private": "bnVsbA=="
        }
      ]
    },
    {
      "module": "module.cloudfront_waf",
      "mode": "managed",
      "type": "aws_wafv2_regex_pattern_set",
      "name": "ons_regex_uri_path",
      "provider": "provider[\"registry.terraform.io/hashicorp/aws\"].global",
      "instances": [
        {
          "schema_version": 0,
          "attributes": {
            "arn": "arn:aws:wafv2:us-east-1:640719013987:global/regexpatternset/ons_regex_uri_path1/aae869ba-627f-466b-9ce0-b7d3cebc741d",
            "description": "Blocked URI Paths",
            "id": "aae869ba-627f-466b-9ce0-b7d3cebc741d",
            "lock_token": "5eb4cafb-7d1c-43b9-b15f-8b2c9528865d",
            "name": "ons_regex_uri_path1",
            "name_prefix": "",
            "regular_expression": [
              {
                "regex_string": ".*\\.env.*"
              },
              {
                "regex_string": ".*\\/boaform\\/admin\\/formLogin.*"
              },
              {
                "regex_string": ".*\\/etc\\/hosts.*|.*\\/etc\\/passwd.*|.*\\/windows\\/win\\.ini.*"
              },
              {
                "regex_string": ".*\\/xmlrpc\\.php.*|.*phpmyadmin.*|.*phpunit.*"
              }
            ],
            "scope": "CLOUDFRONT",
            "tags": null,
            "tags_all": {}
          },
          "sensitive_attributes": [],
          "private": "bnVsbA=="
        }
      ]
    },
    {
      "module": "module.cloudfront_waf",
      "mode": "managed",
      "type": "aws_wafv2_regex_pattern_set",
      "name": "ons_regex_user_agent",
      "provider": "provider[\"registry.terraform.io/hashicorp/aws\"].global",
      "instances": [
        {
          "schema_version": 0,
          "attributes": {
            "arn": "arn:aws:wafv2:us-east-1:640719013987:global/regexpatternset/ons_regex_user_agent1/5254ad81-d84d-412d-ab01-bb16f48c708c",
            "description": "Blocked User Agents",
            "id": "5254ad81-d84d-412d-ab01-bb16f48c708c",
            "lock_token": "b82c7519-11e1-45a7-9272-5800688fb561",
            "name": "ons_regex_user_agent1",
            "name_prefix": "",
            "regular_expression": [
              {
                "regex_string": ".*acunetix.*|.*nikto.*|.*nmap.*|.*nuclei.*|.*openvaS.*|.*sqlmap.*|.*wpscan.*|.*zmeu.*|.*zgrab.*"
              }
            ],
            "scope": "CLOUDFRONT",
            "tags": null,
            "tags_all": {}
          },
          "sensitive_attributes": [],
          "private": "bnVsbA=="
        }
      ]
    },
    {
      "module": "module.cloudfront_waf",
      "mode": "managed",
      "type": "aws_wafv2_rule_group",
      "name": "ONS_custom_rule_group",
      "provider": "provider[\"registry.terraform.io/hashicorp/aws\"].global",
      "instances": [
        {
          "schema_version": 0,
          "attributes": {
            "arn": "arn:aws:wafv2:us-east-1:640719013987:global/rulegroup/ONS-WAF-Custom-RuleGroup1/dfa6489e-709c-40bb-96a4-eab1c1a4065b",
            "capacity": 150,
            "custom_response_body": [],
            "description": "Custom WAF RuleGroup for ONS",
            "id": "dfa6489e-709c-40bb-96a4-eab1c1a4065b",
            "lock_token": "02005676-8d25-4c64-8c0c-bc5651e21b8a",
            "name": "ONS-WAF-Custom-RuleGroup1",
            "name_prefix": "",
            "rule": [
              {
                "action": [
                  {
                    "allow": [],
                    "block": [
                      {
                        "custom_response": []
                      }
                    ],
                    "captcha": [],
                    "challenge": [],
                    "count": []
                  }
                ],
                "captcha_config": [],
                "name": "ONS-URIpath",
                "priority": 1,
                "rule_label": [],
                "statement": [
                  {
                    "and_statement": [],
                    "asn_match_statement": [],
                    "byte_match_statement": [],
                    "geo_match_statement": [],
                    "ip_set_reference_statement": [],
                    "label_match_statement": [],
                    "not_statement": [],
                    "or_statement": [],
                    "rate_based_statement": [],
                    "regex_match_statement": [],
                    "regex_pattern_set_reference_statement": [
                      {
                        "arn": "arn:aws:wafv2:us-east-1:640719013987:global/regexpatternset/ons_regex_uri_path1/aae869ba-627f-466b-9ce0-b7d3cebc741d",
                        "field_to_match": [
                          {
                            "all_query_arguments": [],
                            "body": [],
                            "cookies": [],
                            "header_order": [],
                            "headers": [],
                            "ja3_fingerprint": [],
                            "ja4_fingerprint": [],
                            "json_body": [],
                            "method": [],
                            "query_string": [],
                            "single_header": [],
                            "single_query_argument": [],
                            "uri_fragment": [],
                            "uri_path": [
                              {}
                            ]
                          }
                        ],
                        "text_transformation": [
                          {
                            "priority": 0,
                            "type": "NONE"
                          }
                        ]
                      }
                    ],
                    "size_constraint_statement": [],
                    "sqli_match_statement": [],
                    "xss_match_statement": []
                  }
                ],
                "visibility_config": [
                  {
                    "cloudwatch_metrics_enabled": true,
                    "metric_name": "ONS-URIpath",
                    "sampled_requests_enabled": true
                  }
                ]
              },
              {
                "action": [
                  {
                    "allow": [],
                    "block": [
                      {
                        "custom_response": []
                      }
                    ],
                    "captcha": [],
                    "challenge": [],
                    "count": []
                  }
                ],
                "captcha_config": [],
                "name": "ONS-UserAgent",
                "priority": 2,
                "rule_label": [],
                "statement": [
                  {
                    "and_statement": [],
                    "asn_match_statement": [],
                    "byte_match_statement": [],
                    "geo_match_statement": [],
                    "ip_set_reference_statement": [],
                    "label_match_statement": [],
                    "not_statement": [],
                    "or_statement": [],
                    "rate_based_statement": [],
                    "regex_match_statement": [],
                    "regex_pattern_set_reference_statement": [
                      {
                        "arn": "arn:aws:wafv2:us-east-1:640719013987:global/regexpatternset/ons_regex_user_agent1/5254ad81-d84d-412d-ab01-bb16f48c708c",
                        "field_to_match": [
                          {
                            "all_query_arguments": [],
                            "body": [],
                            "cookies": [],
                            "header_order": [],
                            "headers": [],
                            "ja3_fingerprint": [],
                            "ja4_fingerprint": [],
                            "json_body": [],
                            "method": [],
                            "query_string": [],
                            "single_header": [
                              {
                                "name": "user-agent"
                              }
                            ],
                            "single_query_argument": [],
                            "uri_fragment": [],
                            "uri_path": []
                          }
                        ],
                        "text_transformation": [
                          {
                            "priority": 0,
                            "type": "NONE"
                          }
                        ]
                      }
                    ],
                    "size_constraint_statement": [],
                    "sqli_match_statement": [],
                    "xss_match_statement": []
                  }
                ],
                "visibility_config": [
                  {
                    "cloudwatch_metrics_enabled": true,
                    "metric_name": "ONS-UserAgent",
                    "sampled_requests_enabled": true
                  }
                ]
              },
              {
                "action": [
                  {
                    "allow": [],
                    "block": [
                      {
                        "custom_response": []
                      }
                    ],
                    "captcha": [],
                    "challenge": [],
                    "count": []
                  }
                ],
                "captcha_config": [],
                "name": "ONS-WAF-Host-IP-Allow1",
                "priority": 0,
                "rule_label": [],
                "statement": [
                  {
                    "and_statement": [],
                    "asn_match_statement": [],
                    "byte_match_statement": [],
                    "geo_match_statement": [],
                    "ip_set_reference_statement": [],
                    "label_match_statement": [],
                    "not_statement": [
                      {
                        "statement": [
                          {
                            "and_statement": [],
                            "asn_match_statement": [],
                            "byte_match_statement": [],
                            "geo_match_statement": [],
                            "ip_set_reference_statement": [
                              {
                                "arn": "arn:aws:wafv2:us-east-1:640719013987:global/ipset/ons_host_allow_ipset1/c8c62372-e657-4a46-8eb9-93babca6fbf4",
                                "ip_set_forwarded_ip_config": []
                              }
                            ],
                            "label_match_statement": [],
                            "not_statement": [],
                            "or_statement": [],
                            "regex_match_statement": [],
                            "regex_pattern_set_reference_statement": [],
                            "size_constraint_statement": [],
                            "sqli_match_statement": [],
                            "xss_match_statement": []
                          }
                        ]
                      }
                    ],
                    "or_statement": [],
                    "rate_based_statement": [],
                    "regex_match_statement": [],
                    "regex_pattern_set_reference_statement": [],
                    "size_constraint_statement": [],
                    "sqli_match_statement": [],
                    "xss_match_statement": []
                  }
                ],
                "visibility_config": [
                  {
                    "cloudwatch_metrics_enabled": true,
                    "metric_name": "ONS-WAF-Host-IP-Allow1",
                    "sampled_requests_enabled": true
                  }
                ]
              },
              {
                "action": [
                  {
                    "allow": [],
                    "block": [],
                    "captcha": [],
                    "challenge": [],
                    "count": [
                      {
                        "custom_request_handling": []
                      }
                    ]
                  }
                ],
                "captcha_config": [],
                "name": "ONS-IPPatternDeny",
                "priority": 3,
                "rule_label": [],
                "statement": [
                  {
                    "and_statement": [],
                    "asn_match_statement": [],
                    "byte_match_statement": [],
                    "geo_match_statement": [],
                    "ip_set_reference_statement": [],
                    "label_match_statement": [],
                    "not_statement": [],
                    "or_statement": [],
                    "rate_based_statement": [],
                    "regex_match_statement": [],
                    "regex_pattern_set_reference_statement": [
                      {
                        "arn": "arn:aws:wafv2:us-east-1:640719013987:global/regexpatternset/ons_regex_ip_deny1/46b387e9-2a56-407d-99c3-51d38a5724b7",
                        "field_to_match": [
                          {
                            "all_query_arguments": [],
                            "body": [],
                            "cookies": [],
                            "header_order": [],
                            "headers": [],
                            "ja3_fingerprint": [],
                            "ja4_fingerprint": [],
                            "json_body": [],
                            "method": [],
                            "query_string": [],
                            "single_header": [
                              {
                                "name": "host"
                              }
                            ],
                            "single_query_argument": [],
                            "uri_fragment": [],
                            "uri_path": []
                          }
                        ],
                        "text_transformation": [
                          {
                            "priority": 0,
                            "type": "NONE"
                          }
                        ]
                      }
                    ],
                    "size_constraint_statement": [],
                    "sqli_match_statement": [],
                    "xss_match_statement": []
                  }
                ],
                "visibility_config": [
                  {
                    "cloudwatch_metrics_enabled": true,
                    "metric_name": "ONS-IPPatternDeny",
                    "sampled_requests_enabled": true
                  }
                ]
              }
            ],
            "scope": "CLOUDFRONT",
            "tags": null,
            "tags_all": {},
            "visibility_config": [
              {
                "cloudwatch_metrics_enabled": true,
                "metric_name": "ONS-WAF-Custom-RuleGroup",
                "sampled_requests_enabled": true
              }
            ]
          },
          "sensitive_attributes": [],
          "private": "bnVsbA==",
          "dependencies": [
            "module.cloudfront_waf.aws_wafv2_ip_set.host_allow_ips",
            "module.cloudfront_waf.aws_wafv2_regex_pattern_set.ons_regex_ip_deny",
            "module.cloudfront_waf.aws_wafv2_regex_pattern_set.ons_regex_uri_path",
            "module.cloudfront_waf.aws_wafv2_regex_pattern_set.ons_regex_user_agent"
          ]
        }
      ]
    },
    {
      "module": "module.cloudfront_waf",
      "mode": "managed",
      "type": "aws_wafv2_web_acl",
      "name": "WafWebAcl",
      "provider": "provider[\"registry.terraform.io/hashicorp/aws\"].global",
      "instances": [
        {
          "schema_version": 0,
          "attributes": {
            "application_integration_url": "",
            "arn": "arn:aws:wafv2:us-east-1:640719013987:global/webacl/CJL-EGFLEXS-PRD-WAFACL/c178f596-22d0-4153-8af1-974648b8b630",
            "association_config": [],
            "capacity": 1727,
            "captcha_config": [],
            "challenge_config": [],
            "custom_response_body": [],
            "data_protection_config": [],
            "default_action": [
              {
                "allow": [
                  {
                    "custom_request_handling": []
                  }
                ],
                "block": []
              }
            ],
            "description": "WAF for CJL-EGFLEXS-PRD-WAFACL",
            "id": "c178f596-22d0-4153-8af1-974648b8b630",
            "lock_token": "a33dbd89-3843-4326-a3d7-a89f53fc4709",
            "name": "CJL-EGFLEXS-PRD-WAFACL",
            "name_prefix": "",
            "rule": [
              {
                "action": [
                  {
                    "allow": [
                      {
                        "custom_request_handling": []
                      }
                    ],
                    "block": [],
                    "captcha": [],
                    "challenge": [],
                    "count": []
                  }
                ],
                "captcha_config": [],
                "challenge_config": [],
                "name": "ONS-Allow_IPSets_Rule",
                "override_action": [],
                "priority": 0,
                "rule_label": [],
                "statement": [
                  {
                    "and_statement": [],
                    "asn_match_statement": [],
                    "byte_match_statement": [],
                    "geo_match_statement": [],
                    "ip_set_reference_statement": [
                      {
                        "arn": "arn:aws:wafv2:us-east-1:640719013987:global/ipset/ons_allow_ipset1/924cde34-d6bf-474d-ae48-086b0e2544a9",
                        "ip_set_forwarded_ip_config": []
                      }
                    ],
                    "label_match_statement": [],
                    "managed_rule_group_statement": [],
                    "not_statement": [],
                    "or_statement": [],
                    "rate_based_statement": [],
                    "regex_match_statement": [],
                    "regex_pattern_set_reference_statement": [],
                    "rule_group_reference_statement": [],
                    "size_constraint_statement": [],
                    "sqli_match_statement": [],
                    "xss_match_statement": []
                  }
                ],
                "visibility_config": [
                  {
                    "cloudwatch_metrics_enabled": true,
                    "metric_name": "ONS-Allow_IPSets_Rule",
                    "sampled_requests_enabled": true
                  }
                ]
              },
              {
                "action": [
                  {
                    "allow": [],
                    "block": [
                      {
                        "custom_response": []
                      }
                    ],
                    "captcha": [],
                    "challenge": [],
                    "count": []
                  }
                ],
                "captcha_config": [],
                "challenge_config": [],
                "name": "ONS-Block_IPSets_Rule",
                "override_action": [],
                "priority": 1,
                "rule_label": [],
                "statement": [
                  {
                    "and_statement": [],
                    "asn_match_statement": [],
                    "byte_match_statement": [],
                    "geo_match_statement": [],
                    "ip_set_reference_statement": [
                      {
                        "arn": "arn:aws:wafv2:us-east-1:640719013987:global/ipset/ons_block_ipset1/f217f557-61b9-4afa-a914-08b1fe863c18",
                        "ip_set_forwarded_ip_config": []
                      }
                    ],
                    "label_match_statement": [],
                    "managed_rule_group_statement": [],
                    "not_statement": [],
                    "or_statement": [],
                    "rate_based_statement": [],
                    "regex_match_statement": [],
                    "regex_pattern_set_reference_statement": [],
                    "rule_group_reference_statement": [],
                    "size_constraint_statement": [],
                    "sqli_match_statement": [],
                    "xss_match_statement": []
                  }
                ],
                "visibility_config": [
                  {
                    "cloudwatch_metrics_enabled": true,
                    "metric_name": "ONS-Block_IPSets_Rule",
                    "sampled_requests_enabled": true
                  }
                ]
              },
              {
                "action": [],
                "captcha_config": [],
                "challenge_config": [],
                "name": "AWS-AWSManagedRulesAdminProtectionRuleSet",
                "override_action": [
                  {
                    "count": [],
                    "none": [
                      {}
                    ]
                  }
                ],
                "priority": 5,
                "rule_label": [],
                "statement": [
                  {
                    "and_statement": [],
                    "asn_match_statement": [],
                    "byte_match_statement": [],
                    "geo_match_statement": [],
                    "ip_set_reference_statement": [],
                    "label_match_statement": [],
                    "managed_rule_group_statement": [
                      {
                        "managed_rule_group_configs": [],
                        "name": "AWSManagedRulesAdminProtectionRuleSet",
                        "rule_action_override": [
                          {
                            "action_to_use": [
                              {
                                "allow": [],
                                "block": [],
                                "captcha": [],
                                "challenge": [],
                                "count": [
                                  {
                                    "custom_request_handling": []
                                  }
                                ]
                              }
                            ],
                            "name": "AdminProtection_URIPATH"
                          }
                        ],
                        "scope_down_statement": [],
                        "vendor_name": "AWS",
                        "version": "Version_1.1"
                      }
                    ],
                    "not_statement": [],
                    "or_statement": [],
                    "rate_based_statement": [],
                    "regex_match_statement": [],
                    "regex_pattern_set_reference_statement": [],
                    "rule_group_reference_statement": [],
                    "size_constraint_statement": [],
                    "sqli_match_statement": [],
                    "xss_match_statement": []
                  }
                ],
                "visibility_config": [
                  {
                    "cloudwatch_metrics_enabled": true,
                    "metric_name": "AWS-AWSManagedRulesAdminProtectionRuleSet",
                    "sampled_requests_enabled": true
                  }
                ]
              },
              {
                "action": [],
                "captcha_config": [],
                "challenge_config": [],
                "name": "AWS-AWSManagedRulesAmazonIpReputationList",
                "override_action": [
                  {
                    "count": [],
                    "none": [
                      {}
                    ]
                  }
                ],
                "priority": 9,
                "rule_label": [],
                "statement": [
                  {
                    "and_statement": [],
                    "asn_match_statement": [],
                    "byte_match_statement": [],
                    "geo_match_statement": [],
                    "ip_set_reference_statement": [],
                    "label_match_statement": [],
                    "managed_rule_group_statement": [
                      {
                        "managed_rule_group_configs": [],
                        "name": "AWSManagedRulesAmazonIpReputationList",
                        "rule_action_override": [
                          {
                            "action_to_use": [
                              {
                                "allow": [],
                                "block": [],
                                "captcha": [],
                                "challenge": [],
                                "count": [
                                  {
                                    "custom_request_handling": []
                                  }
                                ]
                              }
                            ],
                            "name": "AWSManagedIPReputationList"
                          },
                          {
                            "action_to_use": [
                              {
                                "allow": [],
                                "block": [],
                                "captcha": [],
                                "challenge": [],
                                "count": [
                                  {
                                    "custom_request_handling": []
                                  }
                                ]
                              }
                            ],
                            "name": "AWSManagedReconnaissanceList"
                          },
                          {
                            "action_to_use": [
                              {
                                "allow": [],
                                "block": [],
                                "captcha": [],
                                "challenge": [],
                                "count": [
                                  {
                                    "custom_request_handling": []
                                  }
                                ]
                              }
                            ],
                            "name": "AWSManagedIPDDoSList"
                          }
                        ],
                        "scope_down_statement": [],
                        "vendor_name": "AWS",
                        "version": ""
                      }
                    ],
                    "not_statement": [],
                    "or_statement": [],
                    "rate_based_statement": [],
                    "regex_match_statement": [],
                    "regex_pattern_set_reference_statement": [],
                    "rule_group_reference_statement": [],
                    "size_constraint_statement": [],
                    "sqli_match_statement": [],
                    "xss_match_statement": []
                  }
                ],
                "visibility_config": [
                  {
                    "cloudwatch_metrics_enabled": true,
                    "metric_name": "AWS-AWSManagedRulesAmazonIpReputationList",
                    "sampled_requests_enabled": true
                  }
                ]
              },
              {
                "action": [],
                "captcha_config": [],
                "challenge_config": [],
                "name": "AWS-AWSManagedRulesAnonymousIpList",
                "override_action": [
                  {
                    "count": [],
                    "none": [
                      {}
                    ]
                  }
                ],
                "priority": 10,
                "rule_label": [],
                "statement": [
                  {
                    "and_statement": [],
                    "asn_match_statement": [],
                    "byte_match_statement": [],
                    "geo_match_statement": [],
                    "ip_set_reference_statement": [],
                    "label_match_statement": [],
                    "managed_rule_group_statement": [
                      {
                        "managed_rule_group_configs": [],
                        "name": "AWSManagedRulesAnonymousIpList",
                        "rule_action_override": [
                          {
                            "action_to_use": [
                              {
                                "allow": [],
                                "block": [],
                                "captcha": [],
                                "challenge": [],
                                "count": [
                                  {
                                    "custom_request_handling": []
                                  }
                                ]
                              }
                            ],
                            "name": "AnonymousIPList"
                          },
                          {
                            "action_to_use": [
                              {
                                "allow": [],
                                "block": [],
                                "captcha": [],
                                "challenge": [],
                                "count": [
                                  {
                                    "custom_request_handling": []
                                  }
                                ]
                              }
                            ],
                            "name": "HostingProviderIPList"
                          }
                        ],
                        "scope_down_statement": [],
                        "vendor_name": "AWS",
                        "version": ""
                      }
                    ],
                    "not_statement": [],
                    "or_statement": [],
                    "rate_based_statement": [],
                    "regex_match_statement": [],
                    "regex_pattern_set_reference_statement": [],
                    "rule_group_reference_statement": [],
                    "size_constraint_statement": [],
                    "sqli_match_statement": [],
                    "xss_match_statement": []
                  }
                ],
                "visibility_config": [
                  {
                    "cloudwatch_metrics_enabled": true,
                    "metric_name": "AWS-AWSManagedRulesAnonymousIpList",
                    "sampled_requests_enabled": true
                  }
                ]
              },
              {
                "action": [],
                "captcha_config": [],
                "challenge_config": [],
                "name": "AWS-AWSManagedRulesCommonRuleSet",
                "override_action": [
                  {
                    "count": [],
                    "none": [
                      {}
                    ]
                  }
                ],
                "priority": 3,
                "rule_label": [],
                "statement": [
                  {
                    "and_statement": [],
                    "asn_match_statement": [],
                    "byte_match_statement": [],
                    "geo_match_statement": [],
                    "ip_set_reference_statement": [],
                    "label_match_statement": [],
                    "managed_rule_group_statement": [
                      {
                        "managed_rule_group_configs": [],
                        "name": "AWSManagedRulesCommonRuleSet",
                        "rule_action_override": [
                          {
                            "action_to_use": [
                              {
                                "allow": [],
                                "block": [],
                                "captcha": [],
                                "challenge": [],
                                "count": [
                                  {
                                    "custom_request_handling": []
                                  }
                                ]
                              }
                            ],
                            "name": "NoUserAgent_HEADER"
                          },
                          {
                            "action_to_use": [
                              {
                                "allow": [],
                                "block": [
                                  {
                                    "custom_response": []
                                  }
                                ],
                                "captcha": [],
                                "challenge": [],
                                "count": []
                              }
                            ],
                            "name": "UserAgent_BadBots_HEADER"
                          },
                          {
                            "action_to_use": [
                              {
                                "allow": [],
                                "block": [
                                  {
                                    "custom_response": []
                                  }
                                ],
                                "captcha": [],
                                "challenge": [],
                                "count": []
                              }
                            ],
                            "name": "SizeRestrictions_QUERYSTRING"
                          },
                          {
                            "action_to_use": [
                              {
                                "allow": [],
                                "block": [
                                  {
                                    "custom_response": []
                                  }
                                ],
                                "captcha": [],
                                "challenge": [],
                                "count": []
                              }
                            ],
                            "name": "SizeRestrictions_Cookie_HEADER"
                          },
                          {
                            "action_to_use": [
                              {
                                "allow": [],
                                "block": [],
                                "captcha": [],
                                "challenge": [],
                                "count": [
                                  {
                                    "custom_request_handling": []
                                  }
                                ]
                              }
                            ],
                            "name": "SizeRestrictions_BODY"
                          },
                          {
                            "action_to_use": [
                              {
                                "allow": [],
                                "block": [],
                                "captcha": [],
                                "challenge": [],
                                "count": [
                                  {
                                    "custom_request_handling": []
                                  }
                                ]
                              }
                            ],
                            "name": "SizeRestrictions_URIPATH"
                          },
                          {
                            "action_to_use": [
                              {
                                "allow": [],
                                "block": [
                                  {
                                    "custom_response": []
                                  }
                                ],
                                "captcha": [],
                                "challenge": [],
                                "count": []
                              }
                            ],
                            "name": "EC2MetaDataSSRF_BODY"
                          },
                          {
                            "action_to_use": [
                              {
                                "allow": [],
                                "block": [
                                  {
                                    "custom_response": []
                                  }
                                ],
                                "captcha": [],
                                "challenge": [],
                                "count": []
                              }
                            ],
                            "name": "EC2MetaDataSSRF_COOKIE"
                          },
                          {
                            "action_to_use": [
                              {
                                "allow": [],
                                "block": [
                                  {
                                    "custom_response": []
                                  }
                                ],
                                "captcha": [],
                                "challenge": [],
                                "count": []
                              }
                            ],
                            "name": "EC2MetaDataSSRF_URIPATH"
                          },
                          {
                            "action_to_use": [
                              {
                                "allow": [],
                                "block": [
                                  {
                                    "custom_response": []
                                  }
                                ],
                                "captcha": [],
                                "challenge": [],
                                "count": []
                              }
                            ],
                            "name": "EC2MetaDataSSRF_QUERYARGUMENTS"
                          },
                          {
                            "action_to_use": [
                              {
                                "allow": [],
                                "block": [
                                  {
                                    "custom_response": []
                                  }
                                ],
                                "captcha": [],
                                "challenge": [],
                                "count": []
                              }
                            ],
                            "name": "GenericLFI_QUERYARGUMENTS"
                          },
                          {
                            "action_to_use": [
                              {
                                "allow": [],
                                "block": [
                                  {
                                    "custom_response": []
                                  }
                                ],
                                "captcha": [],
                                "challenge": [],
                                "count": []
                              }
                            ],
                            "name": "GenericLFI_URIPATH"
                          },
                          {
                            "action_to_use": [
                              {
                                "allow": [],
                                "block": [
                                  {
                                    "custom_response": []
                                  }
                                ],
                                "captcha": [],
                                "challenge": [],
                                "count": []
                              }
                            ],
                            "name": "GenericLFI_BODY"
                          },
                          {
                            "action_to_use": [
                              {
                                "allow": [],
                                "block": [
                                  {
                                    "custom_response": []
                                  }
                                ],
                                "captcha": [],
                                "challenge": [],
                                "count": []
                              }
                            ],
                            "name": "RestrictedExtensions_URIPATH"
                          },
                          {
                            "action_to_use": [
                              {
                                "allow": [],
                                "block": [
                                  {
                                    "custom_response": []
                                  }
                                ],
                                "captcha": [],
                                "challenge": [],
                                "count": []
                              }
                            ],
                            "name": "RestrictedExtensions_QUERYARGUMENTS"
                          },
                          {
                            "action_to_use": [
                              {
                                "allow": [],
                                "block": [
                                  {
                                    "custom_response": []
                                  }
                                ],
                                "captcha": [],
                                "challenge": [],
                                "count": []
                              }
                            ],
                            "name": "GenericRFI_QUERYARGUMENTS"
                          },
                          {
                            "action_to_use": [
                              {
                                "allow": [],
                                "block": [
                                  {
                                    "custom_response": []
                                  }
                                ],
                                "captcha": [],
                                "challenge": [],
                                "count": []
                              }
                            ],
                            "name": "GenericRFI_BODY"
                          },
                          {
                            "action_to_use": [
                              {
                                "allow": [],
                                "block": [
                                  {
                                    "custom_response": []
                                  }
                                ],
                                "captcha": [],
                                "challenge": [],
                                "count": []
                              }
                            ],
                            "name": "GenericRFI_URIPATH"
                          },
                          {
                            "action_to_use": [
                              {
                                "allow": [],
                                "block": [
                                  {
                                    "custom_response": []
                                  }
                                ],
                                "captcha": [],
                                "challenge": [],
                                "count": []
                              }
                            ],
                            "name": "CrossSiteScripting_COOKIE"
                          },
                          {
                            "action_to_use": [
                              {
                                "allow": [],
                                "block": [],
                                "captcha": [],
                                "challenge": [],
                                "count": [
                                  {
                                    "custom_request_handling": []
                                  }
                                ]
                              }
                            ],
                            "name": "CrossSiteScripting_QUERYARGUMENTS"
                          },
                          {
                            "action_to_use": [
                              {
                                "allow": [],
                                "block": [],
                                "captcha": [],
                                "challenge": [],
                                "count": [
                                  {
                                    "custom_request_handling": []
                                  }
                                ]
                              }
                            ],
                            "name": "CrossSiteScripting_BODY"
                          },
                          {
                            "action_to_use": [
                              {
                                "allow": [],
                                "block": [
                                  {
                                    "custom_response": []
                                  }
                                ],
                                "captcha": [],
                                "challenge": [],
                                "count": []
                              }
                            ],
                            "name": "CrossSiteScripting_URIPATH"
                          }
                        ],
                        "scope_down_statement": [],
                        "vendor_name": "AWS",
                        "version": "Version_1.17"
                      }
                    ],
                    "not_statement": [],
                    "or_statement": [],
                    "rate_based_statement": [],
                    "regex_match_statement": [],
                    "regex_pattern_set_reference_statement": [],
                    "rule_group_reference_statement": [],
                    "size_constraint_statement": [],
                    "sqli_match_statement": [],
                    "xss_match_statement": []
                  }
                ],
                "visibility_config": [
                  {
                    "cloudwatch_metrics_enabled": true,
                    "metric_name": "AWS-AWSManagedRulesCommonRuleSet",
                    "sampled_requests_enabled": true
                  }
                ]
              },
              {
                "action": [],
                "captcha_config": [],
                "challenge_config": [],
                "name": "AWS-AWSManagedRulesKnownBadInputsRuleSet",
                "override_action": [
                  {
                    "count": [],
                    "none": [
                      {}
                    ]
                  }
                ],
                "priority": 4,
                "rule_label": [],
                "statement": [
                  {
                    "and_statement": [],
                    "asn_match_statement": [],
                    "byte_match_statement": [],
                    "geo_match_statement": [],
                    "ip_set_reference_statement": [],
                    "label_match_statement": [],
                    "managed_rule_group_statement": [
                      {
                        "managed_rule_group_configs": [],
                        "name": "AWSManagedRulesKnownBadInputsRuleSet",
                        "rule_action_override": [
                          {
                            "action_to_use": [
                              {
                                "allow": [],
                                "block": [
                                  {
                                    "custom_response": []
                                  }
                                ],
                                "captcha": [],
                                "challenge": [],
                                "count": []
                              }
                            ],
                            "name": "JavaDeserializationRCE_BODY"
                          },
                          {
                            "action_to_use": [
                              {
                                "allow": [],
                                "block": [
                                  {
                                    "custom_response": []
                                  }
                                ],
                                "captcha": [],
                                "challenge": [],
                                "count": []
                              }
                            ],
                            "name": "JavaDeserializationRCE_URIPATH"
                          },
                          {
                            "action_to_use": [
                              {
                                "allow": [],
                                "block": [
                                  {
                                    "custom_response": []
                                  }
                                ],
                                "captcha": [],
                                "challenge": [],
                                "count": []
                              }
                            ],
                            "name": "JavaDeserializationRCE_QUERYSTRING"
                          },
                          {
                            "action_to_use": [
                              {
                                "allow": [],
                                "block": [
                                  {
                                    "custom_response": []
                                  }
                                ],
                                "captcha": [],
                                "challenge": [],
                                "count": []
                              }
                            ],
                            "name": "JavaDeserializationRCE_HEADER"
                          },
                          {
                            "action_to_use": [
                              {
                                "allow": [],
                                "block": [
                                  {
                                    "custom_response": []
                                  }
                                ],
                                "captcha": [],
                                "challenge": [],
                                "count": []
                              }
                            ],
                            "name": "Host_localhost_HEADER"
                          },
                          {
                            "action_to_use": [
                              {
                                "allow": [],
                                "block": [
                                  {
                                    "custom_response": []
                                  }
                                ],
                                "captcha": [],
                                "challenge": [],
                                "count": []
                              }
                            ],
                            "name": "PROPFIND_METHOD"
                          },
                          {
                            "action_to_use": [
                              {
                                "allow": [],
                                "block": [
                                  {
                                    "custom_response": []
                                  }
                                ],
                                "captcha": [],
                                "challenge": [],
                                "count": []
                              }
                            ],
                            "name": "ExploitablePaths_URIPATH"
                          },
                          {
                            "action_to_use": [
                              {
                                "allow": [],
                                "block": [
                                  {
                                    "custom_response": []
                                  }
                                ],
                                "captcha": [],
                                "challenge": [],
                                "count": []
                              }
                            ],
                            "name": "Log4JRCE_QUERYSTRING"
                          },
                          {
                            "action_to_use": [
                              {
                                "allow": [],
                                "block": [
                                  {
                                    "custom_response": []
                                  }
                                ],
                                "captcha": [],
                                "challenge": [],
                                "count": []
                              }
                            ],
                            "name": "Log4JRCE_BODY"
                          },
                          {
                            "action_to_use": [
                              {
                                "allow": [],
                                "block": [
                                  {
                                    "custom_response": []
                                  }
                                ],
                                "captcha": [],
                                "challenge": [],
                                "count": []
                              }
                            ],
                            "name": "Log4JRCE_URIPATH"
                          },
                          {
                            "action_to_use": [
                              {
                                "allow": [],
                                "block": [
                                  {
                                    "custom_response": []
                                  }
                                ],
                                "captcha": [],
                                "challenge": [],
                                "count": []
                              }
                            ],
                            "name": "Log4JRCE_HEADER"
                          },
                          {
                            "action_to_use": [
                              {
                                "allow": [],
                                "block": [
                                  {
                                    "custom_response": []
                                  }
                                ],
                                "captcha": [],
                                "challenge": [],
                                "count": []
                              }
                            ],
                            "name": "ReactJSRCE_BODY"
                          }
                        ],
                        "scope_down_statement": [],
                        "vendor_name": "AWS",
                        "version": "Version_1.24"
                      }
                    ],
                    "not_statement": [],
                    "or_statement": [],
                    "rate_based_statement": [],
                    "regex_match_statement": [],
                    "regex_pattern_set_reference_statement": [],
                    "rule_group_reference_statement": [],
                    "size_constraint_statement": [],
                    "sqli_match_statement": [],
                    "xss_match_statement": []
                  }
                ],
                "visibility_config": [
                  {
                    "cloudwatch_metrics_enabled": true,
                    "metric_name": "AWS-AWSManagedRulesKnownBadInputsRuleSet",
                    "sampled_requests_enabled": true
                  }
                ]
              },
              {
                "action": [],
                "captcha_config": [],
                "challenge_config": [],
                "name": "AWS-AWSManagedRulesLinuxRuleSet",
                "override_action": [
                  {
                    "count": [],
                    "none": [
                      {}
                    ]
                  }
                ],
                "priority": 6,
                "rule_label": [],
                "statement": [
                  {
                    "and_statement": [],
                    "asn_match_statement": [],
                    "byte_match_statement": [],
                    "geo_match_statement": [],
                    "ip_set_reference_statement": [],
                    "label_match_statement": [],
                    "managed_rule_group_statement": [
                      {
                        "managed_rule_group_configs": [],
                        "name": "AWSManagedRulesLinuxRuleSet",
                        "rule_action_override": [
                          {
                            "action_to_use": [
                              {
                                "allow": [],
                                "block": [
                                  {
                                    "custom_response": []
                                  }
                                ],
                                "captcha": [],
                                "challenge": [],
                                "count": []
                              }
                            ],
                            "name": "LFI_URIPATH"
                          },
                          {
                            "action_to_use": [
                              {
                                "allow": [],
                                "block": [
                                  {
                                    "custom_response": []
                                  }
                                ],
                                "captcha": [],
                                "challenge": [],
                                "count": []
                              }
                            ],
                            "name": "LFI_QUERYSTRING"
                          },
                          {
                            "action_to_use": [
                              {
                                "allow": [],
                                "block": [
                                  {
                                    "custom_response": []
                                  }
                                ],
                                "captcha": [],
                                "challenge": [],
                                "count": []
                              }
                            ],
                            "name": "LFI_HEADER"
                          }
                        ],
                        "scope_down_statement": [],
                        "vendor_name": "AWS",
                        "version": "Version_2.6"
                      }
                    ],
                    "not_statement": [],
                    "or_statement": [],
                    "rate_based_statement": [],
                    "regex_match_statement": [],
                    "regex_pattern_set_reference_statement": [],
                    "rule_group_reference_statement": [],
                    "size_constraint_statement": [],
                    "sqli_match_statement": [],
                    "xss_match_statement": []
                  }
                ],
                "visibility_config": [
                  {
                    "cloudwatch_metrics_enabled": true,
                    "metric_name": "AWS-AWSManagedRulesLinuxRuleSet",
                    "sampled_requests_enabled": true
                  }
                ]
              },
              {
                "action": [],
                "captcha_config": [],
                "challenge_config": [],
                "name": "AWS-AWSManagedRulesSQLiRuleSet",
                "override_action": [
                  {
                    "count": [],
                    "none": [
                      {}
                    ]
                  }
                ],
                "priority": 8,
                "rule_label": [],
                "statement": [
                  {
                    "and_statement": [],
                    "asn_match_statement": [],
                    "byte_match_statement": [],
                    "geo_match_statement": [],
                    "ip_set_reference_statement": [],
                    "label_match_statement": [],
                    "managed_rule_group_statement": [
                      {
                        "managed_rule_group_configs": [],
                        "name": "AWSManagedRulesSQLiRuleSet",
                        "rule_action_override": [
                          {
                            "action_to_use": [
                              {
                                "allow": [],
                                "block": [
                                  {
                                    "custom_response": []
                                  }
                                ],
                                "captcha": [],
                                "challenge": [],
                                "count": []
                              }
                            ],
                            "name": "SQLiExtendedPatterns_QUERYARGUMENTS"
                          },
                          {
                            "action_to_use": [
                              {
                                "allow": [],
                                "block": [],
                                "captcha": [],
                                "challenge": [],
                                "count": [
                                  {
                                    "custom_request_handling": []
                                  }
                                ]
                              }
                            ],
                            "name": "SQLi_QUERYARGUMENTS"
                          },
                          {
                            "action_to_use": [
                              {
                                "allow": [],
                                "block": [],
                                "captcha": [],
                                "challenge": [],
                                "count": [
                                  {
                                    "custom_request_handling": []
                                  }
                                ]
                              }
                            ],
                            "name": "SQLi_BODY"
                          },
                          {
                            "action_to_use": [
                              {
                                "allow": [],
                                "block": [
                                  {
                                    "custom_response": []
                                  }
                                ],
                                "captcha": [],
                                "challenge": [],
                                "count": []
                              }
                            ],
                            "name": "SQLi_COOKIE"
                          },
                          {
                            "action_to_use": [
                              {
                                "allow": [],
                                "block": [
                                  {
                                    "custom_response": []
                                  }
                                ],
                                "captcha": [],
                                "challenge": [],
                                "count": []
                              }
                            ],
                            "name": "SQLi_URIPATH"
                          }
                        ],
                        "scope_down_statement": [],
                        "vendor_name": "AWS",
                        "version": "Version_1.3"
                      }
                    ],
                    "not_statement": [],
                    "or_statement": [],
                    "rate_based_statement": [],
                    "regex_match_statement": [],
                    "regex_pattern_set_reference_statement": [],
                    "rule_group_reference_statement": [],
                    "size_constraint_statement": [],
                    "sqli_match_statement": [],
                    "xss_match_statement": []
                  }
                ],
                "visibility_config": [
                  {
                    "cloudwatch_metrics_enabled": true,
                    "metric_name": "AWS-AWSManagedRulesSQLiRuleSet",
                    "sampled_requests_enabled": true
                  }
                ]
              },
              {
                "action": [],
                "captcha_config": [],
                "challenge_config": [],
                "name": "AWS-AWSManagedRulesUnixRuleSet",
                "override_action": [
                  {
                    "count": [],
                    "none": [
                      {}
                    ]
                  }
                ],
                "priority": 7,
                "rule_label": [],
                "statement": [
                  {
                    "and_statement": [],
                    "asn_match_statement": [],
                    "byte_match_statement": [],
                    "geo_match_statement": [],
                    "ip_set_reference_statement": [],
                    "label_match_statement": [],
                    "managed_rule_group_statement": [
                      {
                        "managed_rule_group_configs": [],
                        "name": "AWSManagedRulesUnixRuleSet",
                        "rule_action_override": [
                          {
                            "action_to_use": [
                              {
                                "allow": [],
                                "block": [],
                                "captcha": [],
                                "challenge": [],
                                "count": [
                                  {
                                    "custom_request_handling": []
                                  }
                                ]
                              }
                            ],
                            "name": "UNIXShellCommandsVariables_QUERYSTRING"
                          },
                          {
                            "action_to_use": [
                              {
                                "allow": [],
                                "block": [],
                                "captcha": [],
                                "challenge": [],
                                "count": [
                                  {
                                    "custom_request_handling": []
                                  }
                                ]
                              }
                            ],
                            "name": "UNIXShellCommandsVariables_BODY"
                          },
                          {
                            "action_to_use": [
                              {
                                "allow": [],
                                "block": [],
                                "captcha": [],
                                "challenge": [],
                                "count": [
                                  {
                                    "custom_request_handling": []
                                  }
                                ]
                              }
                            ],
                            "name": "UNIXShellCommandsVariables_HEADER"
                          }
                        ],
                        "scope_down_statement": [],
                        "vendor_name": "AWS",
                        "version": "Version_3.0"
                      }
                    ],
                    "not_statement": [],
                    "or_statement": [],
                    "rate_based_statement": [],
                    "regex_match_statement": [],
                    "regex_pattern_set_reference_statement": [],
                    "rule_group_reference_statement": [],
                    "size_constraint_statement": [],
                    "sqli_match_statement": [],
                    "xss_match_statement": []
                  }
                ],
                "visibility_config": [
                  {
                    "cloudwatch_metrics_enabled": true,
                    "metric_name": "AWS-AWSManagedRulesUnixRuleSet",
                    "sampled_requests_enabled": true
                  }
                ]
              },
              {
                "action": [],
                "captcha_config": [],
                "challenge_config": [],
                "name": "ONS-WAF-Custom-RuleGroup",
                "override_action": [
                  {
                    "count": [],
                    "none": [
                      {}
                    ]
                  }
                ],
                "priority": 2,
                "rule_label": [],
                "statement": [
                  {
                    "and_statement": [],
                    "asn_match_statement": [],
                    "byte_match_statement": [],
                    "geo_match_statement": [],
                    "ip_set_reference_statement": [],
                    "label_match_statement": [],
                    "managed_rule_group_statement": [],
                    "not_statement": [],
                    "or_statement": [],
                    "rate_based_statement": [],
                    "regex_match_statement": [],
                    "regex_pattern_set_reference_statement": [],
                    "rule_group_reference_statement": [
                      {
                        "arn": "arn:aws:wafv2:us-east-1:640719013987:global/rulegroup/ONS-WAF-Custom-RuleGroup1/dfa6489e-709c-40bb-96a4-eab1c1a4065b",
                        "rule_action_override": []
                      }
                    ],
                    "size_constraint_statement": [],
                    "sqli_match_statement": [],
                    "xss_match_statement": []
                  }
                ],
                "visibility_config": [
                  {
                    "cloudwatch_metrics_enabled": true,
                    "metric_name": "ONS-WAF-Custom-RuleGroup",
                    "sampled_requests_enabled": true
                  }
                ]
              }
            ],
            "rule_json": null,
            "scope": "CLOUDFRONT",
            "tags": null,
            "tags_all": {},
            "token_domains": null,
            "visibility_config": [
              {
                "cloudwatch_metrics_enabled": true,
                "metric_name": "CJL-EGFLEXS-PRD-WAFACL",
                "sampled_requests_enabled": true
              }
            ]
          },
          "sensitive_attributes": [],
          "private": "bnVsbA==",
          "dependencies": [
            "module.cloudfront_waf.aws_wafv2_ip_set.Allow_IPSets_Rule",
            "module.cloudfront_waf.aws_wafv2_ip_set.Block_IPSets_Rule",
            "module.cloudfront_waf.aws_wafv2_ip_set.host_allow_ips",
            "module.cloudfront_waf.aws_wafv2_regex_pattern_set.ons_regex_ip_deny",
            "module.cloudfront_waf.aws_wafv2_regex_pattern_set.ons_regex_uri_path",
            "module.cloudfront_waf.aws_wafv2_regex_pattern_set.ons_regex_user_agent",
            "module.cloudfront_waf.aws_wafv2_rule_group.ONS_custom_rule_group"
          ]
        }
      ]
    },
    {
      "module": "module.cloudfront_waf",
      "mode": "managed",
      "type": "aws_wafv2_web_acl_logging_configuration",
      "name": "web_acl_logging",
      "provider": "provider[\"registry.terraform.io/hashicorp/aws\"].global",
      "instances": [
        {
          "schema_version": 0,
          "attributes": {
            "id": "arn:aws:wafv2:us-east-1:640719013987:global/webacl/CJL-EGFLEXS-PRD-WAFACL/c178f596-22d0-4153-8af1-974648b8b630",
            "log_destination_configs": [
              "arn:aws:s3:::aws-waf-logs-cjl-collector-ue1"
            ],
            "logging_filter": [],
            "redacted_fields": [],
            "resource_arn": "arn:aws:wafv2:us-east-1:640719013987:global/webacl/CJL-EGFLEXS-PRD-WAFACL/c178f596-22d0-4153-8af1-974648b8b630"
          },
          "sensitive_attributes": [],
          "private": "bnVsbA==",
          "dependencies": [
            "module.cloudfront_waf.aws_wafv2_ip_set.Allow_IPSets_Rule",
            "module.cloudfront_waf.aws_wafv2_ip_set.Block_IPSets_Rule",
            "module.cloudfront_waf.aws_wafv2_ip_set.host_allow_ips",
            "module.cloudfront_waf.aws_wafv2_regex_pattern_set.ons_regex_ip_deny",
            "module.cloudfront_waf.aws_wafv2_regex_pattern_set.ons_regex_uri_path",
            "module.cloudfront_waf.aws_wafv2_regex_pattern_set.ons_regex_user_agent",
            "module.cloudfront_waf.aws_wafv2_rule_group.ONS_custom_rule_group",
            "module.cloudfront_waf.aws_wafv2_web_acl.WafWebAcl"
          ]
        }
      ]
    }
  ],
  "check_results": null
}
